lockfileVersion: '9.0'

settings:
  autoInstallPeers: true
  excludeLinksFromLockfile: false

importers:

  .:
    dependencies:
      '@azure/ai-projects':
        specifier: 2.5.0
        version: 2.5.0
      '@azure/identity':
        specifier: ^4.0.0
        version: 4.13.2
    devDependencies:
      '@types/node':
        specifier: ^24.0.0
        version: 24.13.3
      typescript:
        specifier: ^5.9.0
        version: 5.9.3

packages:

  '@azure-rest/core-client@2.8.0':
    resolution: {integrity: sha1-MOc2wPYXEVtz4VSyKbruvMCQNRo=}
    engines: {node: '>=22.0.0'}

  '@azure/abort-controller@2.2.0':
    resolution: {integrity: sha1-k+DoKwGGLn6jtbaZWHGdPz/SyKw=}
    engines: {node: '>=22.0.0'}

  '@azure/ai-projects@2.5.0':
    resolution: {integrity: sha1-W7C+usYvc2OVreR+sC36plZ8oa8=}
    engines: {node: '>=22.0.0'}

  '@azure/core-auth@1.11.0':
    resolution: {integrity: sha1-Ha7/32LRqHHSK4ZfnzFkpj6h9XU=}
    engines: {node: '>=22.0.0'}

  '@azure/core-client@1.11.0':
    resolution: {integrity: sha1-5z0JrHl33l17QVaWt+1F0/3rZ7A=}
    engines: {node: '>=22.0.0'}

  '@azure/core-http-compat@2.5.0':
    resolution: {integrity: sha1-14BmGln4pDL+yyt8b6LVgi3KHeo=}
    engines: {node: '>=22.0.0'}
    peerDependencies:
      '@azure/core-client': ^1.10.0
      '@azure/core-rest-pipeline': ^1.22.0

  '@azure/core-lro@2.7.2':
    resolution: {integrity: sha1-eHEFAnog5Fx3ZRqYsBpNOwG3Wgg=}
    engines: {node: '>=18.0.0'}

  '@azure/core-lro@3.4.0':
    resolution: {integrity: sha1-c0Zb0X3lxduw8noJH29mGnBHC78=}
    engines: {node: '>=22.0.0'}

  '@azure/core-paging@1.7.0':
    resolution: {integrity: sha1-WVl6L1Q4ujxsh4n8hw9p4OeFMag=}
    engines: {node: '>=22.0.0'}

  '@azure/core-process@1.0.0':
    resolution: {integrity: sha1-w68cFyI9ZTjhs2ln3clM2uUyy4M=}
    engines: {node: '>=22.0.0'}

  '@azure/core-rest-pipeline@1.25.0':
    resolution: {integrity: sha1-kupJEu27H3OV9IKaMAYxF0qoLwg=}
    engines: {node: '>=22.0.0'}

  '@azure/core-sse@2.4.0':
    resolution: {integrity: sha1-dB9TOIaG+S18hvVYKwTYoqyN4w8=}
    engines: {node: '>=22.0.0'}

  '@azure/core-tracing@1.4.0':
    resolution: {integrity: sha1-1lenAOJNJW0ZXmKKeV22qMxHXqs=}
    engines: {node: '>=22.0.0'}

  '@azure/core-util@1.14.0':
    resolution: {integrity: sha1-fOn+V5WPEy3UIlc4VuWkXHIyuwQ=}
    engines: {node: '>=22.0.0'}

  '@azure/core-xml@1.6.0':
    resolution: {integrity: sha1-EI8JIOG834owuffoh5ibOhIIK9k=}
    engines: {node: '>=22.0.0'}

  '@azure/identity@4.13.2':
    resolution: {integrity: sha1-zq1+af9YbcKL67rqIgG2u2lguE8=}
    engines: {node: '>=22.0.0'}

  '@azure/logger@1.4.0':
    resolution: {integrity: sha1-PVpif+WaJ27OdIenndkq1cUIwzk=}
    engines: {node: '>=22.0.0'}

  '@azure/msal-browser@5.19.0':
    resolution: {integrity: sha1-cE22OI0bcqrXIhZvDxd4YHH+Yt8=}
    engines: {node: '>=0.8.0'}

  '@azure/msal-common@16.13.0':
    resolution: {integrity: sha1-YuQkxrIeFD6O9DdKZNv4dy3+Ggc=}
    engines: {node: '>=0.8.0'}

  '@azure/msal-node@5.6.0':
    resolution: {integrity: sha1-jL/v8CG20vPQZKOvuCJirZhehDQ=}
    engines: {node: '>=20'}

  '@azure/storage-blob@12.33.0':
    resolution: {integrity: sha1-EK1FhvSSJzG4t5zIa+ytp1Z6H6s=}
    engines: {node: '>=22.0.0'}

  '@azure/storage-common@12.5.0':
    resolution: {integrity: sha1-nbHWmPJu9LVqVKYABGp2XqG7oxY=}
    engines: {node: '>=22.0.0'}

  '@nodable/entities@3.0.0':
    resolution: {integrity: sha1-aUcDvIZNMOrtVcLj3vANvWFJNnA=}

  '@opentelemetry/api@1.9.1':
    resolution: {integrity: sha1-wbA0beM2ulWvLVp5cIggN7rt7AU=}
    engines: {node: '>=8.0.0'}

  '@types/node@24.13.3':
    resolution: {integrity: sha1-SfGL08ZHhm3NpRoHVsFF4UWQzhY=}

  '@typespec/ts-http-runtime@0.3.8':
    resolution: {integrity: sha1-tN7lpeeXGu3HCVO7fS2/V4P0LTg=}
    engines: {node: '>=22.0.0'}

  agent-base@7.1.4:
    resolution: {integrity: sha1-48121MVI7oldPD/Y3B9sW5Ay56g=}
    engines: {node: '>= 14'}

  anynum@1.0.1:
    resolution: {integrity: sha1-KqwA4I3603JsHUYuYNvC+DFlmkQ=}

  buffer-equal-constant-time@1.0.1:
    resolution: {integrity: sha1-+OcRMvf/5uAaXJaXpMbz5I1cyBk=}

  bundle-name@4.1.0:
    resolution: {integrity: sha1-87lrNBYNZDGhnXaIE1r3z7h5eIk=}
    engines: {node: '>=18'}

  debug@4.4.3:
    resolution: {integrity: sha1-xq5DLZvZZiWC/OCHCbA4xY6ePWo=}
    engines: {node: '>=6.0'}
    peerDependencies:
      supports-color: '*'
    peerDependenciesMeta:
      supports-color:
        optional: true

  default-browser-id@5.0.1:
    resolution: {integrity: sha1-96fMuPUQS/jg9xujscz6Xq/bIeg=}
    engines: {node: '>=18'}

  default-browser@5.5.1:
    resolution: {integrity: sha1-F5Cv/FJoD7sR4XyrJ1LWmqKjfSw=}
    engines: {node: '>=18'}

  define-lazy-prop@3.0.0:
    resolution: {integrity: sha1-27Ga37dG1/xtc0oGty9KANAhJV8=}
    engines: {node: '>=12'}

  ecdsa-sig-formatter@1.0.11:
    resolution: {integrity: sha1-rg8PothQRe8UqBfao86azQSJ5b8=}

  events@3.3.0:
    resolution: {integrity: sha1-Mala0Kkk4tLEGagTrrLE6HjqdAA=}
    engines: {node: '>=0.8.x'}

  fast-xml-builder@1.3.1:
    resolution: {integrity: sha1-7wWzU7RVl0g9+wnUUKBiorrsOoI=}

  fast-xml-parser@5.11.0:
    resolution: {integrity: sha1-fNnqDjTBVhnBrwx+LY4YPIke6DI=}
    hasBin: true

  http-proxy-agent@7.0.2:
    resolution: {integrity: sha1-mosfJGhmwChQlIZYX2K48sGMJw4=}
    engines: {node: '>= 14'}

  https-proxy-agent@7.0.6:
    resolution: {integrity: sha1-2o3+rH2hMLBcK6S1nJts1mYRprk=}
    engines: {node: '>= 14'}

  is-docker@3.0.0:
    resolution: {integrity: sha1-kAk6oxBid9inelkQ265xdH4VogA=}
    engines: {node: ^12.20.0 || ^14.13.1 || >=16.0.0}
    hasBin: true

  is-inside-container@1.0.0:
    resolution: {integrity: sha1-6B+6aZZi6zHb2vJnZqYdSBRxfqQ=}
    engines: {node: '>=14.16'}
    hasBin: true

  is-unsafe@2.0.2:
    resolution: {integrity: sha1-ux6tF/GqaI9kMyWLVh6YsaRaGvw=}

  is-wsl@3.1.1:
    resolution: {integrity: sha1-MniXsmgyo+sRfabCdJLQTKEyWU8=}
    engines: {node: '>=16'}

  jsonwebtoken@9.0.3:
    resolution: {integrity: sha1-bNV6sB6bCsB8uEfVPTybbuMfeuI=}
    engines: {node: '>=12', npm: '>=6'}

  jwa@2.0.1:
    resolution: {integrity: sha1-v4F20a0M1y4PP1gzhZWhPhELyAQ=}

  jws@4.0.1:
    resolution: {integrity: sha1-B+3Bvo+sIOZ3soPs4mFJi9OPBpA=}

  lodash.includes@4.3.0:
    resolution: {integrity: sha1-YLuYqHy5I8aMoeUTJUgzFISfVT8=}

  lodash.isboolean@3.0.3:
    resolution: {integrity: sha1-bC4XHbKiV82WgC/UOwGyDV9YcPY=}

  lodash.isinteger@4.0.4:
    resolution: {integrity: sha1-YZwK89A/iwTDH1iChAt3sRzWg0M=}

  lodash.isnumber@3.0.3:
    resolution: {integrity: sha1-POdoEMWSjQM1IwGsKHMX8RwLH/w=}

  lodash.isplainobject@4.0.6:
    resolution: {integrity: sha1-fFJqUtibRcRcxpC4gWO+BJf1UMs=}

  lodash.isstring@4.0.1:
    resolution: {integrity: sha1-1SfftUVuynzJu5XV2ur4i6VKVFE=}

  lodash.once@4.1.1:
    resolution: {integrity: sha1-DdOXEhPHxW34gJd9UEyI+0cal6w=}

  ms@2.1.3:
    resolution: {integrity: sha1-V0yBOM4dK1hh8LRFedut1gxmFbI=}

  open@10.2.0:
    resolution: {integrity: sha1-udhVvgB2IOgLb7BfrJgUH+Yttzw=}
    engines: {node: '>=18'}

  openai@6.49.0:
    resolution: {integrity: sha1-bp95jhRpNe042VW0PVfWeWzuXms=}
    peerDependencies:
      '@aws-sdk/credential-provider-node': '>=3.972.0 <4'
      '@smithy/hash-node': '>=4.3.0 <5'
      '@smithy/signature-v4': '>=5.4.0 <6'
      ws: ^8.18.0
      zod: ^3.25 || ^4.0
    peerDependenciesMeta:
      '@aws-sdk/credential-provider-node':
        optional: true
      '@smithy/hash-node':
        optional: true
      '@smithy/signature-v4':
        optional: true
      ws:
        optional: true
      zod:
        optional: true

  path-expression-matcher@1.6.2:
    resolution: {integrity: sha1-VnxzwHGX6dzvJOkO3NxXEFZZkWg=}
    engines: {node: '>=14.0.0'}

  run-applescript@7.1.0:
    resolution: {integrity: sha1-Lp5UxGZOwxBsW1Yw4knT1llcSRE=}
    engines: {node: '>=18'}

  safe-buffer@5.2.1:
    resolution: {integrity: sha1-Hq+fqb2x/dTsdfWPnNtOa3gn7sY=}

  semver@7.8.5:
    resolution: {integrity: sha1-ObZGA33VDBT7RR5+TKxY7YuGP2k=}
    engines: {node: '>=10'}
    hasBin: true

  strnum@2.4.2:
    resolution: {integrity: sha1-r0OrUaBtBCJwI/wuQsoikhTsEPA=}

  tslib@2.8.1:
    resolution: {integrity: sha1-YS7+TtI11Wfoq6Xypfq3AoCt6D8=}

  typescript@5.9.3:
    resolution: {integrity: sha1-W09Z4VMQqxeiFvXWz1PuR27eZw8=}
    engines: {node: '>=14.17'}
    hasBin: true

  undici-types@7.18.2:
    resolution: {integrity: sha1-KTV6iee3ykrvO/D9P9DNc4hCKek=}

  wsl-utils@0.1.0:
    resolution: {integrity: sha1-h4PU32cdTVA2W+LuTHGRegVXuqs=}
    engines: {node: '>=18'}

  xml-naming@0.3.0:
    resolution: {integrity: sha1-RsHhi/4oWEeZgt0qzPNNFudJ7aI=}
    engines: {node: '>=16.0.0'}

snapshots:

  '@azure-rest/core-client@2.8.0':
    dependencies:
      '@azure/abort-controller': 2.2.0
      '@azure/core-auth': 1.11.0
      '@azure/core-rest-pipeline': 1.25.0
      '@azure/core-tracing': 1.4.0
      '@typespec/ts-http-runtime': 0.3.8
      tslib: 2.8.1
    transitivePeerDependencies:
      - supports-color

  '@azure/abort-controller@2.2.0':
    dependencies:
      tslib: 2.8.1

  '@azure/ai-projects@2.5.0':
    dependencies:
      '@azure-rest/core-client': 2.8.0
      '@azure/abort-controller': 2.2.0
      '@azure/core-auth': 1.11.0
      '@azure/core-lro': 3.4.0
      '@azure/core-paging': 1.7.0
      '@azure/core-rest-pipeline': 1.25.0
      '@azure/core-sse': 2.4.0
      '@azure/core-util': 1.14.0
      '@azure/identity': 4.13.2
      '@azure/logger': 1.4.0
      '@azure/storage-blob': 12.33.0
      '@opentelemetry/api': 1.9.1
      openai: 6.49.0
      tslib: 2.8.1
    transitivePeerDependencies:
      - '@aws-sdk/credential-provider-node'
      - '@smithy/hash-node'
      - '@smithy/signature-v4'
      - supports-color
      - ws
      - zod

  '@azure/core-auth@1.11.0':
    dependencies:
      '@azure/abort-controller': 2.2.0
      '@azure/core-util': 1.14.0
      tslib: 2.8.1
    transitivePeerDependencies:
      - supports-color

  '@azure/core-client@1.11.0':
    dependencies:
      '@azure/abort-controller': 2.2.0
      '@azure/core-auth': 1.11.0
      '@azure/core-rest-pipeline': 1.25.0
      '@azure/core-tracing': 1.4.0
      '@azure/core-util': 1.14.0
      '@azure/logger': 1.4.0
      tslib: 2.8.1
    transitivePeerDependencies:
      - supports-color

  '@azure/core-http-compat@2.5.0(@azure/core-client@1.11.0)(@azure/core-rest-pipeline@1.25.0)':
    dependencies:
      '@azure/abort-controller': 2.2.0
      '@azure/core-client': 1.11.0
      '@azure/core-rest-pipeline': 1.25.0

  '@azure/core-lro@2.7.2':
    dependencies:
      '@azure/abort-controller': 2.2.0
      '@azure/core-util': 1.14.0
      '@azure/logger': 1.4.0
      tslib: 2.8.1
    transitivePeerDependencies:
      - supports-color

  '@azure/core-lro@3.4.0':
    dependencies:
      '@azure/abort-controller': 2.2.0
      '@azure/core-util': 1.14.0
      '@azure/logger': 1.4.0
      tslib: 2.8.1
    transitivePeerDependencies:
      - supports-color

  '@azure/core-paging@1.7.0':
    dependencies:
      tslib: 2.8.1

  '@azure/core-process@1.0.0': {}

  '@azure/core-rest-pipeline@1.25.0':
    dependencies:
      '@azure/abort-controller': 2.2.0
      '@azure/core-auth': 1.11.0
      '@azure/core-tracing': 1.4.0
      '@azure/core-util': 1.14.0
      '@azure/logger': 1.4.0
      '@typespec/ts-http-runtime': 0.3.8
      tslib: 2.8.1
    transitivePeerDependencies:
      - supports-color

  '@azure/core-sse@2.4.0':
    dependencies:
      tslib: 2.8.1

  '@azure/core-tracing@1.4.0':
    dependencies:
      tslib: 2.8.1

  '@azure/core-util@1.14.0':
    dependencies:
      '@azure/abort-controller': 2.2.0
      '@typespec/ts-http-runtime': 0.3.8
      tslib: 2.8.1
    transitivePeerDependencies:
      - supports-color

  '@azure/core-xml@1.6.0':
    dependencies:
      fast-xml-parser: 5.11.0
      tslib: 2.8.1

  '@azure/identity@4.13.2':
    dependencies:
      '@azure/abort-controller': 2.2.0
      '@azure/core-auth': 1.11.0
      '@azure/core-client': 1.11.0
      '@azure/core-process': 1.0.0
      '@azure/core-rest-pipeline': 1.25.0
      '@azure/core-tracing': 1.4.0
      '@azure/core-util': 1.14.0
      '@azure/logger': 1.4.0
      '@azure/msal-browser': 5.19.0
      '@azure/msal-node': 5.6.0
      open: 10.2.0
      tslib: 2.8.1
    transitivePeerDependencies:
      - supports-color

  '@azure/logger@1.4.0':
    dependencies:
      '@typespec/ts-http-runtime': 0.3.8
      tslib: 2.8.1
    transitivePeerDependencies:
      - supports-color

  '@azure/msal-browser@5.19.0':
    dependencies:
      '@azure/msal-common': 16.13.0

  '@azure/msal-common@16.13.0': {}

  '@azure/msal-node@5.6.0':
    dependencies:
      '@azure/msal-common': 16.13.0
      jsonwebtoken: 9.0.3

  '@azure/storage-blob@12.33.0':
    dependencies:
      '@azure/abort-controller': 2.2.0
      '@azure/core-auth': 1.11.0
      '@azure/core-client': 1.11.0
      '@azure/core-http-compat': 2.5.0(@azure/core-client@1.11.0)(@azure/core-rest-pipeline@1.25.0)
      '@azure/core-lro': 2.7.2
      '@azure/core-paging': 1.7.0
      '@azure/core-rest-pipeline': 1.25.0
      '@azure/core-tracing': 1.4.0
      '@azure/core-util': 1.14.0
      '@azure/core-xml': 1.6.0
      '@azure/logger': 1.4.0
      '@azure/storage-common': 12.5.0(@azure/core-client@1.11.0)
      events: 3.3.0
      tslib: 2.8.1
    transitivePeerDependencies:
      - supports-color

  '@azure/storage-common@12.5.0(@azure/core-client@1.11.0)':
    dependencies:
      '@azure/abort-controller': 2.2.0
      '@azure/core-auth': 1.11.0
      '@azure/core-http-compat': 2.5.0(@azure/core-client@1.11.0)(@azure/core-rest-pipeline@1.25.0)
      '@azure/core-rest-pipeline': 1.25.0
      '@azure/core-tracing': 1.4.0
      '@azure/core-util': 1.14.0
      '@azure/logger': 1.4.0
      events: 3.3.0
      tslib: 2.8.1
    transitivePeerDependencies:
      - '@azure/core-client'
      - supports-color

  '@nodable/entities@3.0.0': {}

  '@opentelemetry/api@1.9.1': {}

  '@types/node@24.13.3':
    dependencies:
      undici-types: 7.18.2

  '@typespec/ts-http-runtime@0.3.8':
    dependencies:
      http-proxy-agent: 7.0.2
      https-proxy-agent: 7.0.6
      tslib: 2.8.1
    transitivePeerDependencies:
      - supports-color

  agent-base@7.1.4: {}

  anynum@1.0.1: {}

  buffer-equal-constant-time@1.0.1: {}

  bundle-name@4.1.0:
    dependencies:
      run-applescript: 7.1.0

  debug@4.4.3:
    dependencies:
      ms: 2.1.3

  default-browser-id@5.0.1: {}

  default-browser@5.5.1:
    dependencies:
      bundle-name: 4.1.0
      default-browser-id: 5.0.1

  define-lazy-prop@3.0.0: {}

  ecdsa-sig-formatter@1.0.11:
    dependencies:
      safe-buffer: 5.2.1

  events@3.3.0: {}

  fast-xml-builder@1.3.1:
    dependencies:
      path-expression-matcher: 1.6.2
      xml-naming: 0.3.0

  fast-xml-parser@5.11.0:
    dependencies:
      '@nodable/entities': 3.0.0
      fast-xml-builder: 1.3.1
      is-unsafe: 2.0.2
      path-expression-matcher: 1.6.2
      strnum: 2.4.2
      xml-naming: 0.3.0

  http-proxy-agent@7.0.2:
    dependencies:
      agent-base: 7.1.4
      debug: 4.4.3
    transitivePeerDependencies:
      - supports-color

  https-proxy-agent@7.0.6:
    dependencies:
      agent-base: 7.1.4
      debug: 4.4.3
    transitivePeerDependencies:
      - supports-color

  is-docker@3.0.0: {}

  is-inside-container@1.0.0:
    dependencies:
      is-docker: 3.0.0

  is-unsafe@2.0.2: {}

  is-wsl@3.1.1:
    dependencies:
      is-inside-container: 1.0.0

  jsonwebtoken@9.0.3:
    dependencies:
      jws: 4.0.1
      lodash.includes: 4.3.0
      lodash.isboolean: 3.0.3
      lodash.isinteger: 4.0.4
      lodash.isnumber: 3.0.3
      lodash.isplainobject: 4.0.6
      lodash.isstring: 4.0.1
      lodash.once: 4.1.1
      ms: 2.1.3
      semver: 7.8.5

  jwa@2.0.1:
    dependencies:
      buffer-equal-constant-time: 1.0.1
      ecdsa-sig-formatter: 1.0.11
      safe-buffer: 5.2.1

  jws@4.0.1:
    dependencies:
      jwa: 2.0.1
      safe-buffer: 5.2.1

  lodash.includes@4.3.0: {}

  lodash.isboolean@3.0.3: {}

  lodash.isinteger@4.0.4: {}

  lodash.isnumber@3.0.3: {}

  lodash.isplainobject@4.0.6: {}

  lodash.isstring@4.0.1: {}

  lodash.once@4.1.1: {}

  ms@2.1.3: {}

  open@10.2.0:
    dependencies:
      default-browser: 5.5.1
      define-lazy-prop: 3.0.0
      is-inside-container: 1.0.0
      wsl-utils: 0.1.0

  openai@6.49.0: {}

  path-expression-matcher@1.6.2: {}

  run-applescript@7.1.0: {}

  safe-buffer@5.2.1: {}

  semver@7.8.5: {}

  strnum@2.4.2:
    dependencies:
      anynum: 1.0.1

  tslib@2.8.1: {}

  typescript@5.9.3: {}

  undici-types@7.18.2: {}

  wsl-utils@0.1.0:
    dependencies:
      is-wsl: 3.1.1

  xml-naming@0.3.0: {}
