lockfileVersion: '9.0'

settings:
  autoInstallPeers: true
  excludeLinksFromLockfile: false

importers:

  .:
    dependencies:
      '@azure/ai-projects':
        specifier: 2.5.0
        version: 2.5.0
      '@azure/identity':
        specifier: 4.13.2
        version: 4.13.2
      '@azure/logger':
        specifier: 1.3.0
        version: 1.3.0
      '@azure/storage-blob':
        specifier: 12.33.0
        version: 12.33.0
      openai:
        specifier: 6.49.0
        version: 6.49.0
    devDependencies:
      '@eslint/js':
        specifier: 9.39.1
        version: 9.39.1
      '@types/node':
        specifier: 24.13.3
        version: 24.13.3
      eslint:
        specifier: 9.39.1
        version: 9.39.1
      typescript:
        specifier: 5.9.3
        version: 5.9.3
      typescript-eslint:
        specifier: 8.52.0
        version: 8.52.0(eslint@9.39.1)(typescript@5.9.3)

packages:

  '@azure-rest/core-client@2.8.0':
    resolution: {integrity: sha1-MOc2wPYXEVtz4VSyKbruvMCQNRo=}
    engines: {node: '>=22.0.0'}

  '@azure/abort-controller@2.2.0':
    resolution: {integrity: sha1-k+DoKwGGLn6jtbaZWHGdPz/SyKw=}
    engines: {node: '>=22.0.0'}

  '@azure/ai-projects@2.5.0':
    resolution: {integrity: sha1-W7C+usYvc2OVreR+sC36plZ8oa8=}
    engines: {node: '>=22.0.0'}

  '@azure/core-auth@1.11.0':
    resolution: {integrity: sha1-Ha7/32LRqHHSK4ZfnzFkpj6h9XU=}
    engines: {node: '>=22.0.0'}

  '@azure/core-client@1.11.0':
    resolution: {integrity: sha1-5z0JrHl33l17QVaWt+1F0/3rZ7A=}
    engines: {node: '>=22.0.0'}

  '@azure/core-http-compat@2.5.0':
    resolution: {integrity: sha1-14BmGln4pDL+yyt8b6LVgi3KHeo=}
    engines: {node: '>=22.0.0'}
    peerDependencies:
      '@azure/core-client': ^1.10.0
      '@azure/core-rest-pipeline': ^1.22.0

  '@azure/core-lro@2.7.2':
    resolution: {integrity: sha1-eHEFAnog5Fx3ZRqYsBpNOwG3Wgg=}
    engines: {node: '>=18.0.0'}

  '@azure/core-lro@3.4.0':
    resolution: {integrity: sha1-c0Zb0X3lxduw8noJH29mGnBHC78=}
    engines: {node: '>=22.0.0'}

  '@azure/core-paging@1.7.0':
    resolution: {integrity: sha1-WVl6L1Q4ujxsh4n8hw9p4OeFMag=}
    engines: {node: '>=22.0.0'}

  '@azure/core-process@1.0.0':
    resolution: {integrity: sha1-w68cFyI9ZTjhs2ln3clM2uUyy4M=}
    engines: {node: '>=22.0.0'}

  '@azure/core-rest-pipeline@1.25.0':
    resolution: {integrity: sha1-kupJEu27H3OV9IKaMAYxF0qoLwg=}
    engines: {node: '>=22.0.0'}

  '@azure/core-sse@2.4.0':
    resolution: {integrity: sha1-dB9TOIaG+S18hvVYKwTYoqyN4w8=}
    engines: {node: '>=22.0.0'}

  '@azure/core-tracing@1.4.0':
    resolution: {integrity: sha1-1lenAOJNJW0ZXmKKeV22qMxHXqs=}
    engines: {node: '>=22.0.0'}

  '@azure/core-util@1.14.0':
    resolution: {integrity: sha1-fOn+V5WPEy3UIlc4VuWkXHIyuwQ=}
    engines: {node: '>=22.0.0'}

  '@azure/core-xml@1.6.0':
    resolution: {integrity: sha1-EI8JIOG834owuffoh5ibOhIIK9k=}
    engines: {node: '>=22.0.0'}

  '@azure/identity@4.13.2':
    resolution: {integrity: sha1-zq1+af9YbcKL67rqIgG2u2lguE8=}
    engines: {node: '>=22.0.0'}

  '@azure/logger@1.3.0':
    resolution: {integrity: sha1-VQHPhdT1JjBgKozHXfdlaMlpqCc=}
    engines: {node: '>=20.0.0'}

  '@azure/msal-browser@5.19.0':
    resolution: {integrity: sha1-cE22OI0bcqrXIhZvDxd4YHH+Yt8=}
    engines: {node: '>=0.8.0'}

  '@azure/msal-common@16.13.0':
    resolution: {integrity: sha1-YuQkxrIeFD6O9DdKZNv4dy3+Ggc=}
    engines: {node: '>=0.8.0'}

  '@azure/msal-node@5.6.0':
    resolution: {integrity: sha1-jL/v8CG20vPQZKOvuCJirZhehDQ=}
    engines: {node: '>=20'}

  '@azure/storage-blob@12.33.0':
    resolution: {integrity: sha1-EK1FhvSSJzG4t5zIa+ytp1Z6H6s=}
    engines: {node: '>=22.0.0'}

  '@azure/storage-common@12.5.0':
    resolution: {integrity: sha1-nbHWmPJu9LVqVKYABGp2XqG7oxY=}
    engines: {node: '>=22.0.0'}

  '@eslint-community/eslint-utils@4.10.1':
    resolution: {integrity: sha1-iRG9crLDZApUNgngQAuMTS5+fLY=}
    engines: {node: ^12.22.0 || ^14.17.0 || >=16.0.0}
    peerDependencies:
      eslint: ^6.0.0 || ^7.0.0 || >=8.0.0

  '@eslint-community/regexpp@4.12.2':
    resolution: {integrity: sha1-vM32Fbz3tujbgw7AuNIcmiXeWXs=}
    engines: {node: ^12.0.0 || ^14.0.0 || >=16.0.0}

  '@eslint/config-array@0.21.2':
    resolution: {integrity: sha1-8p4iBXrVMWzyODbO6aNMgf/8t+Y=}
    engines: {node: ^18.18.0 || ^20.9.0 || >=21.1.0}

  '@eslint/config-helpers@0.4.2':
    resolution: {integrity: sha1-G9AGzut+LlWyt3OrMY0wDhpmrto=}
    engines: {node: ^18.18.0 || ^20.9.0 || >=21.1.0}

  '@eslint/core@0.17.0':
    resolution: {integrity: sha1-dyJYIEE9lhdQnak0IZCiAZ54dhw=}
    engines: {node: ^18.18.0 || ^20.9.0 || >=21.1.0}

  '@eslint/eslintrc@3.3.6':
    resolution: {integrity: sha1-0iv9azp9jh8sCy8ubeERtT7G4T4=}
    engines: {node: ^18.18.0 || ^20.9.0 || >=21.1.0}

  '@eslint/js@9.39.1':
    resolution: {integrity: sha1-DdWcOp9A4/GIKXXDIUcJaSQ+AWQ=}
    engines: {node: ^18.18.0 || ^20.9.0 || >=21.1.0}

  '@eslint/object-schema@2.1.7':
    resolution: {integrity: sha1-biEmoTR+hqTe34cG7Gf/jhB+u60=}
    engines: {node: ^18.18.0 || ^20.9.0 || >=21.1.0}

  '@eslint/plugin-kit@0.4.1':
    resolution: {integrity: sha1-l3nj/Zt+4zVxpXQ1z0M1oXlKbLI=}
    engines: {node: ^18.18.0 || ^20.9.0 || >=21.1.0}

  '@humanfs/core@0.19.2':
    resolution: {integrity: sha1-qCcsoDsqz0kmcCIrIyC2xCG/3mA=}
    engines: {node: '>=18.18.0'}

  '@humanfs/node@0.16.8':
    resolution: {integrity: sha1-j4AMzME/T4zTEW4tnAqUk52j4+0=}
    engines: {node: '>=18.18.0'}

  '@humanfs/types@0.15.0':
    resolution: {integrity: sha1-8qCfYgEjkLK/8/xvskjd7IwJoJA=}
    engines: {node: '>=18.18.0'}

  '@humanwhocodes/module-importer@1.0.1':
    resolution: {integrity: sha1-r1smkaIrRL6EewyoFkHF+2rQFyw=}
    engines: {node: '>=12.22'}

  '@humanwhocodes/retry@0.4.3':
    resolution: {integrity: sha1-wrnS43TuYsWG062+qHGZsdenpro=}
    engines: {node: '>=18.18'}

  '@nodable/entities@3.0.0':
    resolution: {integrity: sha1-aUcDvIZNMOrtVcLj3vANvWFJNnA=}

  '@opentelemetry/api@1.9.1':
    resolution: {integrity: sha1-wbA0beM2ulWvLVp5cIggN7rt7AU=}
    engines: {node: '>=8.0.0'}

  '@types/estree@1.0.9':
    resolution: {integrity: sha1-zz8Oh2177hWpOrkluCv1cKOQSiQ=}

  '@types/json-schema@7.0.15':
    resolution: {integrity: sha1-WWoXRyM2lNUPatinhp/Lb1bPWEE=}

  '@types/node@24.13.3':
    resolution: {integrity: sha1-SfGL08ZHhm3NpRoHVsFF4UWQzhY=}

  '@typescript-eslint/eslint-plugin@8.52.0':
    resolution: {integrity: sha1-mp8dLul07Xeosb2pTncSP2l+6LQ=}
    engines: {node: ^18.18.0 || ^20.9.0 || >=21.1.0}
    peerDependencies:
      '@typescript-eslint/parser': ^8.52.0
      eslint: ^8.57.0 || ^9.0.0
      typescript: '>=4.8.4 <6.0.0'

  '@typescript-eslint/parser@8.52.0':
    resolution: {integrity: sha1-n66fXxPrscjzGlDDQ4G/1r+WoF8=}
    engines: {node: ^18.18.0 || ^20.9.0 || >=21.1.0}
    peerDependencies:
      eslint: ^8.57.0 || ^9.0.0
      typescript: '>=4.8.4 <6.0.0'

  '@typescript-eslint/project-service@8.52.0':
    resolution: {integrity: sha1-X7TBavTtptdMcMvGL10/d7luTL4=}
    engines: {node: ^18.18.0 || ^20.9.0 || >=21.1.0}
    peerDependencies:
      typescript: '>=4.8.4 <6.0.0'

  '@typescript-eslint/scope-manager@8.52.0':
    resolution: {integrity: sha1-mIT/aQ+tMDgMyr+wivGsIAr2tOU=}
    engines: {node: ^18.18.0 || ^20.9.0 || >=21.1.0}

  '@typescript-eslint/tsconfig-utils@8.52.0':
    resolution: {integrity: sha1-ApZ1HCLtBcg3h6bq7GWuIhvYuO0=}
    engines: {node: ^18.18.0 || ^20.9.0 || >=21.1.0}
    peerDependencies:
      typescript: '>=4.8.4 <6.0.0'

  '@typescript-eslint/type-utils@8.52.0':
    resolution: {integrity: sha1-blVBE/igdM+bL6qBjS6/zLhn1sU=}
    engines: {node: ^18.18.0 || ^20.9.0 || >=21.1.0}
    peerDependencies:
      eslint: ^8.57.0 || ^9.0.0
      typescript: '>=4.8.4 <6.0.0'

  '@typescript-eslint/types@8.52.0':
    resolution: {integrity: sha1-HrChazJIJLwjuJ0QmiZ8OMkhPEo=}
    engines: {node: ^18.18.0 || ^20.9.0 || >=21.1.0}

  '@typescript-eslint/typescript-estree@8.52.0':
    resolution: {integrity: sha1-KtdyHGcb4hJ5UShst/RMTOVbBZE=}
    engines: {node: ^18.18.0 || ^20.9.0 || >=21.1.0}
    peerDependencies:
      typescript: '>=4.8.4 <6.0.0'

  '@typescript-eslint/utils@8.52.0':
    resolution: {integrity: sha1-skm+gmSJm4DZlvo1O0uE2kZi+WI=}
    engines: {node: ^18.18.0 || ^20.9.0 || >=21.1.0}
    peerDependencies:
      eslint: ^8.57.0 || ^9.0.0
      typescript: '>=4.8.4 <6.0.0'

  '@typescript-eslint/visitor-keys@8.52.0':
    resolution: {integrity: sha1-UDYcSKYwJnYjD+SY+A9t7M5L9nM=}
    engines: {node: ^18.18.0 || ^20.9.0 || >=21.1.0}

  '@typespec/ts-http-runtime@0.3.8':
    resolution: {integrity: sha1-tN7lpeeXGu3HCVO7fS2/V4P0LTg=}
    engines: {node: '>=22.0.0'}

  acorn-jsx@5.3.2:
    resolution: {integrity: sha1-ftW7VZCLOy8bxVxq8WU7rafweTc=}
    peerDependencies:
      acorn: ^6.0.0 || ^7.0.0 || ^8.0.0

  acorn@8.18.0:
    resolution: {integrity: sha1-T68BstbTJr/u2XrqH1IiC19MGUA=}
    engines: {node: '>=0.4.0'}
    hasBin: true

  agent-base@7.1.4:
    resolution: {integrity: sha1-48121MVI7oldPD/Y3B9sW5Ay56g=}
    engines: {node: '>= 14'}

  ajv@6.15.0:
    resolution: {integrity: sha1-B+mCx0YmFnqnoklcU4F4ktcTlJI=}

  ansi-styles@4.3.0:
    resolution: {integrity: sha1-7dgDYornHATIWuegkG7a00tkiTc=}
    engines: {node: '>=8'}

  anynum@1.0.1:
    resolution: {integrity: sha1-KqwA4I3603JsHUYuYNvC+DFlmkQ=}

  argparse@2.0.1:
    resolution: {integrity: sha1-JG9Q88p4oyQPbJl+ipvR6sSeSzg=}

  balanced-match@1.0.2:
    resolution: {integrity: sha1-6D46fj8wCzTLnYf2FfoMvzV2kO4=}

  brace-expansion@1.1.18:
    resolution: {integrity: sha1-POdNiYhRNr4VNTQfjD1EJcKaXKs=}

  brace-expansion@2.1.4:
    resolution: {integrity: sha1-WJ2rEcABjQNmvmTNi/Esjb7MgyY=}

  buffer-equal-constant-time@1.0.1:
    resolution: {integrity: sha1-+OcRMvf/5uAaXJaXpMbz5I1cyBk=}

  bundle-name@4.1.0:
    resolution: {integrity: sha1-87lrNBYNZDGhnXaIE1r3z7h5eIk=}
    engines: {node: '>=18'}

  callsites@3.1.0:
    resolution: {integrity: sha1-s2MKvYlDQy9Us/BRkjjjPNffL3M=}
    engines: {node: '>=6'}

  chalk@4.1.2:
    resolution: {integrity: sha1-qsTit3NKdAhnrrFr8CqtVWoeegE=}
    engines: {node: '>=10'}

  color-convert@2.0.1:
    resolution: {integrity: sha1-ctOmjVmMm9s68q0ehPIdiWq9TeM=}
    engines: {node: '>=7.0.0'}

  color-name@1.1.4:
    resolution: {integrity: sha1-wqCah6y95pVD3m9j+jmVyCbFNqI=}

  concat-map@0.0.1:
    resolution: {integrity: sha1-2Klr13/Wjfd5OnMDajug1UBdR3s=}

  cross-spawn@7.0.6:
    resolution: {integrity: sha1-ilj+ePANzXDDcEUXWd+/rwPo7p8=}
    engines: {node: '>= 8'}

  debug@4.4.3:
    resolution: {integrity: sha1-xq5DLZvZZiWC/OCHCbA4xY6ePWo=}
    engines: {node: '>=6.0'}
    peerDependencies:
      supports-color: '*'
    peerDependenciesMeta:
      supports-color:
        optional: true

  deep-is@0.1.4:
    resolution: {integrity: sha1-pvLc5hL63S7x9Rm3NVHxfoUZmDE=}

  default-browser-id@5.0.1:
    resolution: {integrity: sha1-96fMuPUQS/jg9xujscz6Xq/bIeg=}
    engines: {node: '>=18'}

  default-browser@5.5.1:
    resolution: {integrity: sha1-F5Cv/FJoD7sR4XyrJ1LWmqKjfSw=}
    engines: {node: '>=18'}

  define-lazy-prop@3.0.0:
    resolution: {integrity: sha1-27Ga37dG1/xtc0oGty9KANAhJV8=}
    engines: {node: '>=12'}

  ecdsa-sig-formatter@1.0.11:
    resolution: {integrity: sha1-rg8PothQRe8UqBfao86azQSJ5b8=}

  escape-string-regexp@4.0.0:
    resolution: {integrity: sha1-FLqDpdNz49MR5a/KKc9b+tllvzQ=}
    engines: {node: '>=10'}

  eslint-scope@8.4.0:
    resolution: {integrity: sha1-iOZGogf61hQ2/6OetQUUcgBlXII=}
    engines: {node: ^18.18.0 || ^20.9.0 || >=21.1.0}

  eslint-visitor-keys@3.4.3:
    resolution: {integrity: sha1-DNcv6FUOPC6uFWqWpN3c0cisWAA=}
    engines: {node: ^12.22.0 || ^14.17.0 || >=16.0.0}

  eslint-visitor-keys@4.2.1:
    resolution: {integrity: sha1-TP6mD+fdCtjoFuHtAmwdUlG1EsE=}
    engines: {node: ^18.18.0 || ^20.9.0 || >=21.1.0}

  eslint@9.39.1:
    resolution: {integrity: sha1-vov3xt533MQlK1qNyzHC7/90puU=}
    engines: {node: ^18.18.0 || ^20.9.0 || >=21.1.0}
    hasBin: true
    peerDependencies:
      jiti: '*'
    peerDependenciesMeta:
      jiti:
        optional: true

  espree@10.4.0:
    resolution: {integrity: sha1-1U9JSdRikAWh+haNk3w/8ffiqDc=}
    engines: {node: ^18.18.0 || ^20.9.0 || >=21.1.0}

  esquery@1.7.0:
    resolution: {integrity: sha1-CNBI8mHw3e21uulfRoCUY9nJSW0=}
    engines: {node: '>=0.10'}

  esrecurse@4.3.0:
    resolution: {integrity: sha1-eteWTWeauyi+5yzsY3WLHF0smSE=}
    engines: {node: '>=4.0'}

  estraverse@5.3.0:
    resolution: {integrity: sha1-LupSkHAvJquP5TcDcP+GyWXSESM=}
    engines: {node: '>=4.0'}

  esutils@2.0.3:
    resolution: {integrity: sha1-dNLrTeC42hKTcRkQ1Qd1ubcQ72Q=}
    engines: {node: '>=0.10.0'}

  events@3.3.0:
    resolution: {integrity: sha1-Mala0Kkk4tLEGagTrrLE6HjqdAA=}
    engines: {node: '>=0.8.x'}

  fast-deep-equal@3.1.3:
    resolution: {integrity: sha1-On1WtVnWy8PrUSMlJE5hmmXGxSU=}

  fast-json-stable-stringify@2.1.0:
    resolution: {integrity: sha1-h0v2nG9ATCtdmcSBNBOZ/VWJJjM=}

  fast-levenshtein@2.0.6:
    resolution: {integrity: sha1-PYpcZog6FqMMqGQ+hR8Zuqd5eRc=}

  fast-xml-builder@1.3.1:
    resolution: {integrity: sha1-7wWzU7RVl0g9+wnUUKBiorrsOoI=}

  fast-xml-parser@5.11.0:
    resolution: {integrity: sha1-fNnqDjTBVhnBrwx+LY4YPIke6DI=}
    hasBin: true

  fdir@6.5.0:
    resolution: {integrity: sha1-7Sq5Z6MxreYvGNB32uGSaE1Q01A=}
    engines: {node: '>=12.0.0'}
    peerDependencies:
      picomatch: ^3 || ^4
    peerDependenciesMeta:
      picomatch:
        optional: true

  file-entry-cache@8.0.0:
    resolution: {integrity: sha1-d4e93PETG/+5JjbGlFe7wO3W2B8=}
    engines: {node: '>=16.0.0'}

  find-up@5.0.0:
    resolution: {integrity: sha1-TJKBnstwg1YeT0okCoa+UZj1Nvw=}
    engines: {node: '>=10'}

  flat-cache@4.0.1:
    resolution: {integrity: sha1-Ds45/LFO4BL0sEEL0z3ZwfAREnw=}
    engines: {node: '>=16'}

  flatted@3.4.4:
    resolution: {integrity: sha1-ruyipQYwPwzuYcWebJ8qiNLyn8Y=}

  glob-parent@6.0.2:
    resolution: {integrity: sha1-bSN9mQg5UMeSkPJMdkKj3poo+eM=}
    engines: {node: '>=10.13.0'}

  globals@14.0.0:
    resolution: {integrity: sha1-iY10E8Kbq89rr+Vvyt3thYrack4=}
    engines: {node: '>=18'}

  has-flag@4.0.0:
    resolution: {integrity: sha1-lEdx/ZyByBJlxNaUGGDaBrtZR5s=}
    engines: {node: '>=8'}

  http-proxy-agent@7.0.2:
    resolution: {integrity: sha1-mosfJGhmwChQlIZYX2K48sGMJw4=}
    engines: {node: '>= 14'}

  https-proxy-agent@7.0.6:
    resolution: {integrity: sha1-2o3+rH2hMLBcK6S1nJts1mYRprk=}
    engines: {node: '>= 14'}

  ignore@5.3.2:
    resolution: {integrity: sha1-PNQOcp82Q/2HywTlC/DrcivFlvU=}
    engines: {node: '>= 4'}

  ignore@7.0.6:
    resolution: {integrity: sha1-aleq70yQ3yesNZCHXSno8RmIyI4=}
    engines: {node: '>= 4'}

  import-fresh@3.3.1:
    resolution: {integrity: sha1-nOy1ZQPAraHydB271lRuSxO1fM8=}
    engines: {node: '>=6'}

  imurmurhash@0.1.4:
    resolution: {integrity: sha1-khi5srkoojixPcT7a21XbyMUU+o=}
    engines: {node: '>=0.8.19'}

  is-docker@3.0.0:
    resolution: {integrity: sha1-kAk6oxBid9inelkQ265xdH4VogA=}
    engines: {node: ^12.20.0 || ^14.13.1 || >=16.0.0}
    hasBin: true

  is-extglob@2.1.1:
    resolution: {integrity: sha1-qIwCU1eR8C7TfHahueqXc8gz+MI=}
    engines: {node: '>=0.10.0'}

  is-glob@4.0.3:
    resolution: {integrity: sha1-ZPYeQsu7LuwgcanawLKLoeZdUIQ=}
    engines: {node: '>=0.10.0'}

  is-inside-container@1.0.0:
    resolution: {integrity: sha1-6B+6aZZi6zHb2vJnZqYdSBRxfqQ=}
    engines: {node: '>=14.16'}
    hasBin: true

  is-unsafe@2.0.2:
    resolution: {integrity: sha1-ux6tF/GqaI9kMyWLVh6YsaRaGvw=}

  is-wsl@3.1.1:
    resolution: {integrity: sha1-MniXsmgyo+sRfabCdJLQTKEyWU8=}
    engines: {node: '>=16'}

  isexe@2.0.0:
    resolution: {integrity: sha1-6PvzdNxVb/iUehDcsFctYz8s+hA=}

  js-yaml@4.3.1:
    resolution: {integrity: sha1-ASFsAB1n9I4s1WDXCMevIQkKOEg=}
    hasBin: true

  json-buffer@3.0.1:
    resolution: {integrity: sha1-kziAKjDTtmBfvgYT4JQAjKjAWhM=}

  json-schema-traverse@0.4.1:
    resolution: {integrity: sha1-afaofZUTq4u4/mO9sJecRI5oRmA=}

  json-stable-stringify-without-jsonify@1.0.1:
    resolution: {integrity: sha1-nbe1lJatPzz+8wp1FC0tkwrXJlE=}

  jsonwebtoken@9.0.3:
    resolution: {integrity: sha1-bNV6sB6bCsB8uEfVPTybbuMfeuI=}
    engines: {node: '>=12', npm: '>=6'}

  jwa@2.0.1:
    resolution: {integrity: sha1-v4F20a0M1y4PP1gzhZWhPhELyAQ=}

  jws@4.0.1:
    resolution: {integrity: sha1-B+3Bvo+sIOZ3soPs4mFJi9OPBpA=}

  keyv@4.5.4:
    resolution: {integrity: sha1-qHmpnilFL5QkOfKkBeOvizHU3pM=}

  levn@0.4.1:
    resolution: {integrity: sha1-rkViwAdHO5MqYgDUAyaN0v/8at4=}
    engines: {node: '>= 0.8.0'}

  locate-path@6.0.0:
    resolution: {integrity: sha1-VTIeswn+u8WcSAHZMackUqaB0oY=}
    engines: {node: '>=10'}

  lodash.includes@4.3.0:
    resolution: {integrity: sha1-YLuYqHy5I8aMoeUTJUgzFISfVT8=}

  lodash.isboolean@3.0.3:
    resolution: {integrity: sha1-bC4XHbKiV82WgC/UOwGyDV9YcPY=}

  lodash.isinteger@4.0.4:
    resolution: {integrity: sha1-YZwK89A/iwTDH1iChAt3sRzWg0M=}

  lodash.isnumber@3.0.3:
    resolution: {integrity: sha1-POdoEMWSjQM1IwGsKHMX8RwLH/w=}

  lodash.isplainobject@4.0.6:
    resolution: {integrity: sha1-fFJqUtibRcRcxpC4gWO+BJf1UMs=}

  lodash.isstring@4.0.1:
    resolution: {integrity: sha1-1SfftUVuynzJu5XV2ur4i6VKVFE=}

  lodash.merge@4.6.2:
    resolution: {integrity: sha1-VYqlO0O2YeGSWgr9+japoQhf5Xo=}

  lodash.once@4.1.1:
    resolution: {integrity: sha1-DdOXEhPHxW34gJd9UEyI+0cal6w=}

  minimatch@3.1.5:
    resolution: {integrity: sha1-WAyI+NVEXyvWqo88re+g3nn71p4=}

  minimatch@9.0.9:
    resolution: {integrity: sha1-mwy5/LeAh/b9fqur4lEcTT1gV04=}
    engines: {node: '>=16 || 14 >=14.17'}

  ms@2.1.3:
    resolution: {integrity: sha1-V0yBOM4dK1hh8LRFedut1gxmFbI=}

  natural-compare@1.4.0:
    resolution: {integrity: sha1-Sr6/7tdUHywnrPspvbvRXI1bpPc=}

  open@10.2.0:
    resolution: {integrity: sha1-udhVvgB2IOgLb7BfrJgUH+Yttzw=}
    engines: {node: '>=18'}

  openai@6.49.0:
    resolution: {integrity: sha1-bp95jhRpNe042VW0PVfWeWzuXms=}
    peerDependencies:
      '@aws-sdk/credential-provider-node': '>=3.972.0 <4'
      '@smithy/hash-node': '>=4.3.0 <5'
      '@smithy/signature-v4': '>=5.4.0 <6'
      ws: ^8.18.0
      zod: ^3.25 || ^4.0
    peerDependenciesMeta:
      '@aws-sdk/credential-provider-node':
        optional: true
      '@smithy/hash-node':
        optional: true
      '@smithy/signature-v4':
        optional: true
      ws:
        optional: true
      zod:
        optional: true

  optionator@0.9.4:
    resolution: {integrity: sha1-fqHBpdkddk+yghOciP4R4YKjpzQ=}
    engines: {node: '>= 0.8.0'}

  p-limit@3.1.0:
    resolution: {integrity: sha1-4drMvnjQ0TiMoYxk/qOOPlfjcGs=}
    engines: {node: '>=10'}

  p-locate@5.0.0:
    resolution: {integrity: sha1-g8gxXGeFAF470CGDlBHJ4RDm2DQ=}
    engines: {node: '>=10'}

  parent-module@1.0.1:
    resolution: {integrity: sha1-aR0nCeeMefrjoVZiJFLQB2LKqqI=}
    engines: {node: '>=6'}

  path-exists@4.0.0:
    resolution: {integrity: sha1-UTvb4tO5XXdi6METfvoZXGxhtbM=}
    engines: {node: '>=8'}

  path-expression-matcher@1.6.2:
    resolution: {integrity: sha1-VnxzwHGX6dzvJOkO3NxXEFZZkWg=}
    engines: {node: '>=14.0.0'}

  path-key@3.1.1:
    resolution: {integrity: sha1-WB9q3mWMu6ZaDTOA3ndTKVBU83U=}
    engines: {node: '>=8'}

  picomatch@4.0.7:
    resolution: {integrity: sha1-YxM2ADTMs2s9xh7L3/eBIfkP4h8=}
    engines: {node: '>=12'}

  prelude-ls@1.2.1:
    resolution: {integrity: sha1-3rxkidem5rDnYRiIzsiAM30xY5Y=}
    engines: {node: '>= 0.8.0'}

  punycode@2.3.1:
    resolution: {integrity: sha1-AnQi4vrsCyXhVJw+G9gwm5EztuU=}
    engines: {node: '>=6'}

  resolve-from@4.0.0:
    resolution: {integrity: sha1-SrzYUq0y3Xuqv+m0DgCjbbXzkuY=}
    engines: {node: '>=4'}

  run-applescript@7.1.0:
    resolution: {integrity: sha1-Lp5UxGZOwxBsW1Yw4knT1llcSRE=}
    engines: {node: '>=18'}

  safe-buffer@5.2.1:
    resolution: {integrity: sha1-Hq+fqb2x/dTsdfWPnNtOa3gn7sY=}

  semver@7.8.5:
    resolution: {integrity: sha1-ObZGA33VDBT7RR5+TKxY7YuGP2k=}
    engines: {node: '>=10'}
    hasBin: true

  shebang-command@2.0.0:
    resolution: {integrity: sha1-zNCvT4g1+9wmW4JGGq8MNmY/NOo=}
    engines: {node: '>=8'}

  shebang-regex@3.0.0:
    resolution: {integrity: sha1-rhbxZE2HPsrYQ7AwexQzYtTEIXI=}
    engines: {node: '>=8'}

  strip-json-comments@3.1.1:
    resolution: {integrity: sha1-MfEoGzgyYwQ0gxwxDAHMzajL4AY=}
    engines: {node: '>=8'}

  strnum@2.4.2:
    resolution: {integrity: sha1-r0OrUaBtBCJwI/wuQsoikhTsEPA=}

  supports-color@7.2.0:
    resolution: {integrity: sha1-G33NyzK4E4gBs+R4umpRyqiWSNo=}
    engines: {node: '>=8'}

  tinyglobby@0.2.17:
    resolution: {integrity: sha1-ViqabJ6ys7Ej05cZ+a9btE/NdjE=}
    engines: {node: '>=12.0.0'}

  ts-api-utils@2.5.0:
    resolution: {integrity: sha1-Ss1KFV4ic0mQpe0f6el/ETvLN8E=}
    engines: {node: '>=18.12'}
    peerDependencies:
      typescript: '>=4.8.4'

  tslib@2.8.1:
    resolution: {integrity: sha1-YS7+TtI11Wfoq6Xypfq3AoCt6D8=}

  type-check@0.4.0:
    resolution: {integrity: sha1-B7ggO/pwVsBlcFDjzNLDdzC6uPE=}
    engines: {node: '>= 0.8.0'}

  typescript-eslint@8.52.0:
    resolution: {integrity: sha1-uMFWtvK03uICqFcS/2o39hRHZBM=}
    engines: {node: ^18.18.0 || ^20.9.0 || >=21.1.0}
    peerDependencies:
      eslint: ^8.57.0 || ^9.0.0
      typescript: '>=4.8.4 <6.0.0'

  typescript@5.9.3:
    resolution: {integrity: sha1-W09Z4VMQqxeiFvXWz1PuR27eZw8=}
    engines: {node: '>=14.17'}
    hasBin: true

  undici-types@7.18.2:
    resolution: {integrity: sha1-KTV6iee3ykrvO/D9P9DNc4hCKek=}

  uri-js@4.4.1:
    resolution: {integrity: sha1-mxpSWVIlhZ5V9mnZKPiMbFfyp34=}

  which@2.0.2:
    resolution: {integrity: sha1-fGqN0KY2oDJ+ELWckobu6T8/UbE=}
    engines: {node: '>= 8'}
    hasBin: true

  word-wrap@1.2.5:
    resolution: {integrity: sha1-0sRcbdT7zmIaZvE2y+Mor9BBCzQ=}
    engines: {node: '>=0.10.0'}

  wsl-utils@0.1.0:
    resolution: {integrity: sha1-h4PU32cdTVA2W+LuTHGRegVXuqs=}
    engines: {node: '>=18'}

  xml-naming@0.3.0:
    resolution: {integrity: sha1-RsHhi/4oWEeZgt0qzPNNFudJ7aI=}
    engines: {node: '>=16.0.0'}

  yocto-queue@0.1.0:
    resolution: {integrity: sha1-ApTrPe4FAo0x7hpfosVWpqrxChs=}
    engines: {node: '>=10'}

snapshots:

  '@azure-rest/core-client@2.8.0':
    dependencies:
      '@azure/abort-controller': 2.2.0
      '@azure/core-auth': 1.11.0
      '@azure/core-rest-pipeline': 1.25.0
      '@azure/core-tracing': 1.4.0
      '@typespec/ts-http-runtime': 0.3.8
      tslib: 2.8.1
    transitivePeerDependencies:
      - supports-color

  '@azure/abort-controller@2.2.0':
    dependencies:
      tslib: 2.8.1

  '@azure/ai-projects@2.5.0':
    dependencies:
      '@azure-rest/core-client': 2.8.0
      '@azure/abort-controller': 2.2.0
      '@azure/core-auth': 1.11.0
      '@azure/core-lro': 3.4.0
      '@azure/core-paging': 1.7.0
      '@azure/core-rest-pipeline': 1.25.0
      '@azure/core-sse': 2.4.0
      '@azure/core-util': 1.14.0
      '@azure/identity': 4.13.2
      '@azure/logger': 1.3.0
      '@azure/storage-blob': 12.33.0
      '@opentelemetry/api': 1.9.1
      openai: 6.49.0
      tslib: 2.8.1
    transitivePeerDependencies:
      - '@aws-sdk/credential-provider-node'
      - '@smithy/hash-node'
      - '@smithy/signature-v4'
      - supports-color
      - ws
      - zod

  '@azure/core-auth@1.11.0':
    dependencies:
      '@azure/abort-controller': 2.2.0
      '@azure/core-util': 1.14.0
      tslib: 2.8.1
    transitivePeerDependencies:
      - supports-color

  '@azure/core-client@1.11.0':
    dependencies:
      '@azure/abort-controller': 2.2.0
      '@azure/core-auth': 1.11.0
      '@azure/core-rest-pipeline': 1.25.0
      '@azure/core-tracing': 1.4.0
      '@azure/core-util': 1.14.0
      '@azure/logger': 1.3.0
      tslib: 2.8.1
    transitivePeerDependencies:
      - supports-color

  '@azure/core-http-compat@2.5.0(@azure/core-client@1.11.0)(@azure/core-rest-pipeline@1.25.0)':
    dependencies:
      '@azure/abort-controller': 2.2.0
      '@azure/core-client': 1.11.0
      '@azure/core-rest-pipeline': 1.25.0

  '@azure/core-lro@2.7.2':
    dependencies:
      '@azure/abort-controller': 2.2.0
      '@azure/core-util': 1.14.0
      '@azure/logger': 1.3.0
      tslib: 2.8.1
    transitivePeerDependencies:
      - supports-color

  '@azure/core-lro@3.4.0':
    dependencies:
      '@azure/abort-controller': 2.2.0
      '@azure/core-util': 1.14.0
      '@azure/logger': 1.3.0
      tslib: 2.8.1
    transitivePeerDependencies:
      - supports-color

  '@azure/core-paging@1.7.0':
    dependencies:
      tslib: 2.8.1

  '@azure/core-process@1.0.0': {}

  '@azure/core-rest-pipeline@1.25.0':
    dependencies:
      '@azure/abort-controller': 2.2.0
      '@azure/core-auth': 1.11.0
      '@azure/core-tracing': 1.4.0
      '@azure/core-util': 1.14.0
      '@azure/logger': 1.3.0
      '@typespec/ts-http-runtime': 0.3.8
      tslib: 2.8.1
    transitivePeerDependencies:
      - supports-color

  '@azure/core-sse@2.4.0':
    dependencies:
      tslib: 2.8.1

  '@azure/core-tracing@1.4.0':
    dependencies:
      tslib: 2.8.1

  '@azure/core-util@1.14.0':
    dependencies:
      '@azure/abort-controller': 2.2.0
      '@typespec/ts-http-runtime': 0.3.8
      tslib: 2.8.1
    transitivePeerDependencies:
      - supports-color

  '@azure/core-xml@1.6.0':
    dependencies:
      fast-xml-parser: 5.11.0
      tslib: 2.8.1

  '@azure/identity@4.13.2':
    dependencies:
      '@azure/abort-controller': 2.2.0
      '@azure/core-auth': 1.11.0
      '@azure/core-client': 1.11.0
      '@azure/core-process': 1.0.0
      '@azure/core-rest-pipeline': 1.25.0
      '@azure/core-tracing': 1.4.0
      '@azure/core-util': 1.14.0
      '@azure/logger': 1.3.0
      '@azure/msal-browser': 5.19.0
      '@azure/msal-node': 5.6.0
      open: 10.2.0
      tslib: 2.8.1
    transitivePeerDependencies:
      - supports-color

  '@azure/logger@1.3.0':
    dependencies:
      '@typespec/ts-http-runtime': 0.3.8
      tslib: 2.8.1
    transitivePeerDependencies:
      - supports-color

  '@azure/msal-browser@5.19.0':
    dependencies:
      '@azure/msal-common': 16.13.0

  '@azure/msal-common@16.13.0': {}

  '@azure/msal-node@5.6.0':
    dependencies:
      '@azure/msal-common': 16.13.0
      jsonwebtoken: 9.0.3

  '@azure/storage-blob@12.33.0':
    dependencies:
      '@azure/abort-controller': 2.2.0
      '@azure/core-auth': 1.11.0
      '@azure/core-client': 1.11.0
      '@azure/core-http-compat': 2.5.0(@azure/core-client@1.11.0)(@azure/core-rest-pipeline@1.25.0)
      '@azure/core-lro': 2.7.2
      '@azure/core-paging': 1.7.0
      '@azure/core-rest-pipeline': 1.25.0
      '@azure/core-tracing': 1.4.0
      '@azure/core-util': 1.14.0
      '@azure/core-xml': 1.6.0
      '@azure/logger': 1.3.0
      '@azure/storage-common': 12.5.0(@azure/core-client@1.11.0)
      events: 3.3.0
      tslib: 2.8.1
    transitivePeerDependencies:
      - supports-color

  '@azure/storage-common@12.5.0(@azure/core-client@1.11.0)':
    dependencies:
      '@azure/abort-controller': 2.2.0
      '@azure/core-auth': 1.11.0
      '@azure/core-http-compat': 2.5.0(@azure/core-client@1.11.0)(@azure/core-rest-pipeline@1.25.0)
      '@azure/core-rest-pipeline': 1.25.0
      '@azure/core-tracing': 1.4.0
      '@azure/core-util': 1.14.0
      '@azure/logger': 1.3.0
      events: 3.3.0
      tslib: 2.8.1
    transitivePeerDependencies:
      - '@azure/core-client'
      - supports-color

  '@eslint-community/eslint-utils@4.10.1(eslint@9.39.1)':
    dependencies:
      eslint: 9.39.1
      eslint-visitor-keys: 3.4.3

  '@eslint-community/regexpp@4.12.2': {}

  '@eslint/config-array@0.21.2':
    dependencies:
      '@eslint/object-schema': 2.1.7
      debug: 4.4.3
      minimatch: 3.1.5
    transitivePeerDependencies:
      - supports-color

  '@eslint/config-helpers@0.4.2':
    dependencies:
      '@eslint/core': 0.17.0

  '@eslint/core@0.17.0':
    dependencies:
      '@types/json-schema': 7.0.15

  '@eslint/eslintrc@3.3.6':
    dependencies:
      ajv: 6.15.0
      debug: 4.4.3
      espree: 10.4.0
      globals: 14.0.0
      ignore: 5.3.2
      import-fresh: 3.3.1
      js-yaml: 4.3.1
      minimatch: 3.1.5
      strip-json-comments: 3.1.1
    transitivePeerDependencies:
      - supports-color

  '@eslint/js@9.39.1': {}

  '@eslint/object-schema@2.1.7': {}

  '@eslint/plugin-kit@0.4.1':
    dependencies:
      '@eslint/core': 0.17.0
      levn: 0.4.1

  '@humanfs/core@0.19.2':
    dependencies:
      '@humanfs/types': 0.15.0

  '@humanfs/node@0.16.8':
    dependencies:
      '@humanfs/core': 0.19.2
      '@humanfs/types': 0.15.0
      '@humanwhocodes/retry': 0.4.3

  '@humanfs/types@0.15.0': {}

  '@humanwhocodes/module-importer@1.0.1': {}

  '@humanwhocodes/retry@0.4.3': {}

  '@nodable/entities@3.0.0': {}

  '@opentelemetry/api@1.9.1': {}

  '@types/estree@1.0.9': {}

  '@types/json-schema@7.0.15': {}

  '@types/node@24.13.3':
    dependencies:
      undici-types: 7.18.2

  '@typescript-eslint/eslint-plugin@8.52.0(@typescript-eslint/parser@8.52.0(eslint@9.39.1)(typescript@5.9.3))(eslint@9.39.1)(typescript@5.9.3)':
    dependencies:
      '@eslint-community/regexpp': 4.12.2
      '@typescript-eslint/parser': 8.52.0(eslint@9.39.1)(typescript@5.9.3)
      '@typescript-eslint/scope-manager': 8.52.0
      '@typescript-eslint/type-utils': 8.52.0(eslint@9.39.1)(typescript@5.9.3)
      '@typescript-eslint/utils': 8.52.0(eslint@9.39.1)(typescript@5.9.3)
      '@typescript-eslint/visitor-keys': 8.52.0
      eslint: 9.39.1
      ignore: 7.0.6
      natural-compare: 1.4.0
      ts-api-utils: 2.5.0(typescript@5.9.3)
      typescript: 5.9.3
    transitivePeerDependencies:
      - supports-color

  '@typescript-eslint/parser@8.52.0(eslint@9.39.1)(typescript@5.9.3)':
    dependencies:
      '@typescript-eslint/scope-manager': 8.52.0
      '@typescript-eslint/types': 8.52.0
      '@typescript-eslint/typescript-estree': 8.52.0(typescript@5.9.3)
      '@typescript-eslint/visitor-keys': 8.52.0
      debug: 4.4.3
      eslint: 9.39.1
      typescript: 5.9.3
    transitivePeerDependencies:
      - supports-color

  '@typescript-eslint/project-service@8.52.0(typescript@5.9.3)':
    dependencies:
      '@typescript-eslint/tsconfig-utils': 8.52.0(typescript@5.9.3)
      '@typescript-eslint/types': 8.52.0
      debug: 4.4.3
      typescript: 5.9.3
    transitivePeerDependencies:
      - supports-color

  '@typescript-eslint/scope-manager@8.52.0':
    dependencies:
      '@typescript-eslint/types': 8.52.0
      '@typescript-eslint/visitor-keys': 8.52.0

  '@typescript-eslint/tsconfig-utils@8.52.0(typescript@5.9.3)':
    dependencies:
      typescript: 5.9.3

  '@typescript-eslint/type-utils@8.52.0(eslint@9.39.1)(typescript@5.9.3)':
    dependencies:
      '@typescript-eslint/types': 8.52.0
      '@typescript-eslint/typescript-estree': 8.52.0(typescript@5.9.3)
      '@typescript-eslint/utils': 8.52.0(eslint@9.39.1)(typescript@5.9.3)
      debug: 4.4.3
      eslint: 9.39.1
      ts-api-utils: 2.5.0(typescript@5.9.3)
      typescript: 5.9.3
    transitivePeerDependencies:
      - supports-color

  '@typescript-eslint/types@8.52.0': {}

  '@typescript-eslint/typescript-estree@8.52.0(typescript@5.9.3)':
    dependencies:
      '@typescript-eslint/project-service': 8.52.0(typescript@5.9.3)
      '@typescript-eslint/tsconfig-utils': 8.52.0(typescript@5.9.3)
      '@typescript-eslint/types': 8.52.0
      '@typescript-eslint/visitor-keys': 8.52.0
      debug: 4.4.3
      minimatch: 9.0.9
      semver: 7.8.5
      tinyglobby: 0.2.17
      ts-api-utils: 2.5.0(typescript@5.9.3)
      typescript: 5.9.3
    transitivePeerDependencies:
      - supports-color

  '@typescript-eslint/utils@8.52.0(eslint@9.39.1)(typescript@5.9.3)':
    dependencies:
      '@eslint-community/eslint-utils': 4.10.1(eslint@9.39.1)
      '@typescript-eslint/scope-manager': 8.52.0
      '@typescript-eslint/types': 8.52.0
      '@typescript-eslint/typescript-estree': 8.52.0(typescript@5.9.3)
      eslint: 9.39.1
      typescript: 5.9.3
    transitivePeerDependencies:
      - supports-color

  '@typescript-eslint/visitor-keys@8.52.0':
    dependencies:
      '@typescript-eslint/types': 8.52.0
      eslint-visitor-keys: 4.2.1

  '@typespec/ts-http-runtime@0.3.8':
    dependencies:
      http-proxy-agent: 7.0.2
      https-proxy-agent: 7.0.6
      tslib: 2.8.1
    transitivePeerDependencies:
      - supports-color

  acorn-jsx@5.3.2(acorn@8.18.0):
    dependencies:
      acorn: 8.18.0

  acorn@8.18.0: {}

  agent-base@7.1.4: {}

  ajv@6.15.0:
    dependencies:
      fast-deep-equal: 3.1.3
      fast-json-stable-stringify: 2.1.0
      json-schema-traverse: 0.4.1
      uri-js: 4.4.1

  ansi-styles@4.3.0:
    dependencies:
      color-convert: 2.0.1

  anynum@1.0.1: {}

  argparse@2.0.1: {}

  balanced-match@1.0.2: {}

  brace-expansion@1.1.18:
    dependencies:
      balanced-match: 1.0.2
      concat-map: 0.0.1

  brace-expansion@2.1.4:
    dependencies:
      balanced-match: 1.0.2

  buffer-equal-constant-time@1.0.1: {}

  bundle-name@4.1.0:
    dependencies:
      run-applescript: 7.1.0

  callsites@3.1.0: {}

  chalk@4.1.2:
    dependencies:
      ansi-styles: 4.3.0
      supports-color: 7.2.0

  color-convert@2.0.1:
    dependencies:
      color-name: 1.1.4

  color-name@1.1.4: {}

  concat-map@0.0.1: {}

  cross-spawn@7.0.6:
    dependencies:
      path-key: 3.1.1
      shebang-command: 2.0.0
      which: 2.0.2

  debug@4.4.3:
    dependencies:
      ms: 2.1.3

  deep-is@0.1.4: {}

  default-browser-id@5.0.1: {}

  default-browser@5.5.1:
    dependencies:
      bundle-name: 4.1.0
      default-browser-id: 5.0.1

  define-lazy-prop@3.0.0: {}

  ecdsa-sig-formatter@1.0.11:
    dependencies:
      safe-buffer: 5.2.1

  escape-string-regexp@4.0.0: {}

  eslint-scope@8.4.0:
    dependencies:
      esrecurse: 4.3.0
      estraverse: 5.3.0

  eslint-visitor-keys@3.4.3: {}

  eslint-visitor-keys@4.2.1: {}

  eslint@9.39.1:
    dependencies:
      '@eslint-community/eslint-utils': 4.10.1(eslint@9.39.1)
      '@eslint-community/regexpp': 4.12.2
      '@eslint/config-array': 0.21.2
      '@eslint/config-helpers': 0.4.2
      '@eslint/core': 0.17.0
      '@eslint/eslintrc': 3.3.6
      '@eslint/js': 9.39.1
      '@eslint/plugin-kit': 0.4.1
      '@humanfs/node': 0.16.8
      '@humanwhocodes/module-importer': 1.0.1
      '@humanwhocodes/retry': 0.4.3
      '@types/estree': 1.0.9
      ajv: 6.15.0
      chalk: 4.1.2
      cross-spawn: 7.0.6
      debug: 4.4.3
      escape-string-regexp: 4.0.0
      eslint-scope: 8.4.0
      eslint-visitor-keys: 4.2.1
      espree: 10.4.0
      esquery: 1.7.0
      esutils: 2.0.3
      fast-deep-equal: 3.1.3
      file-entry-cache: 8.0.0
      find-up: 5.0.0
      glob-parent: 6.0.2
      ignore: 5.3.2
      imurmurhash: 0.1.4
      is-glob: 4.0.3
      json-stable-stringify-without-jsonify: 1.0.1
      lodash.merge: 4.6.2
      minimatch: 3.1.5
      natural-compare: 1.4.0
      optionator: 0.9.4
    transitivePeerDependencies:
      - supports-color

  espree@10.4.0:
    dependencies:
      acorn: 8.18.0
      acorn-jsx: 5.3.2(acorn@8.18.0)
      eslint-visitor-keys: 4.2.1

  esquery@1.7.0:
    dependencies:
      estraverse: 5.3.0

  esrecurse@4.3.0:
    dependencies:
      estraverse: 5.3.0

  estraverse@5.3.0: {}

  esutils@2.0.3: {}

  events@3.3.0: {}

  fast-deep-equal@3.1.3: {}

  fast-json-stable-stringify@2.1.0: {}

  fast-levenshtein@2.0.6: {}

  fast-xml-builder@1.3.1:
    dependencies:
      path-expression-matcher: 1.6.2
      xml-naming: 0.3.0

  fast-xml-parser@5.11.0:
    dependencies:
      '@nodable/entities': 3.0.0
      fast-xml-builder: 1.3.1
      is-unsafe: 2.0.2
      path-expression-matcher: 1.6.2
      strnum: 2.4.2
      xml-naming: 0.3.0

  fdir@6.5.0(picomatch@4.0.7):
    optionalDependencies:
      picomatch: 4.0.7

  file-entry-cache@8.0.0:
    dependencies:
      flat-cache: 4.0.1

  find-up@5.0.0:
    dependencies:
      locate-path: 6.0.0
      path-exists: 4.0.0

  flat-cache@4.0.1:
    dependencies:
      flatted: 3.4.4
      keyv: 4.5.4

  flatted@3.4.4: {}

  glob-parent@6.0.2:
    dependencies:
      is-glob: 4.0.3

  globals@14.0.0: {}

  has-flag@4.0.0: {}

  http-proxy-agent@7.0.2:
    dependencies:
      agent-base: 7.1.4
      debug: 4.4.3
    transitivePeerDependencies:
      - supports-color

  https-proxy-agent@7.0.6:
    dependencies:
      agent-base: 7.1.4
      debug: 4.4.3
    transitivePeerDependencies:
      - supports-color

  ignore@5.3.2: {}

  ignore@7.0.6: {}

  import-fresh@3.3.1:
    dependencies:
      parent-module: 1.0.1
      resolve-from: 4.0.0

  imurmurhash@0.1.4: {}

  is-docker@3.0.0: {}

  is-extglob@2.1.1: {}

  is-glob@4.0.3:
    dependencies:
      is-extglob: 2.1.1

  is-inside-container@1.0.0:
    dependencies:
      is-docker: 3.0.0

  is-unsafe@2.0.2: {}

  is-wsl@3.1.1:
    dependencies:
      is-inside-container: 1.0.0

  isexe@2.0.0: {}

  js-yaml@4.3.1:
    dependencies:
      argparse: 2.0.1

  json-buffer@3.0.1: {}

  json-schema-traverse@0.4.1: {}

  json-stable-stringify-without-jsonify@1.0.1: {}

  jsonwebtoken@9.0.3:
    dependencies:
      jws: 4.0.1
      lodash.includes: 4.3.0
      lodash.isboolean: 3.0.3
      lodash.isinteger: 4.0.4
      lodash.isnumber: 3.0.3
      lodash.isplainobject: 4.0.6
      lodash.isstring: 4.0.1
      lodash.once: 4.1.1
      ms: 2.1.3
      semver: 7.8.5

  jwa@2.0.1:
    dependencies:
      buffer-equal-constant-time: 1.0.1
      ecdsa-sig-formatter: 1.0.11
      safe-buffer: 5.2.1

  jws@4.0.1:
    dependencies:
      jwa: 2.0.1
      safe-buffer: 5.2.1

  keyv@4.5.4:
    dependencies:
      json-buffer: 3.0.1

  levn@0.4.1:
    dependencies:
      prelude-ls: 1.2.1
      type-check: 0.4.0

  locate-path@6.0.0:
    dependencies:
      p-locate: 5.0.0

  lodash.includes@4.3.0: {}

  lodash.isboolean@3.0.3: {}

  lodash.isinteger@4.0.4: {}

  lodash.isnumber@3.0.3: {}

  lodash.isplainobject@4.0.6: {}

  lodash.isstring@4.0.1: {}

  lodash.merge@4.6.2: {}

  lodash.once@4.1.1: {}

  minimatch@3.1.5:
    dependencies:
      brace-expansion: 1.1.18

  minimatch@9.0.9:
    dependencies:
      brace-expansion: 2.1.4

  ms@2.1.3: {}

  natural-compare@1.4.0: {}

  open@10.2.0:
    dependencies:
      default-browser: 5.5.1
      define-lazy-prop: 3.0.0
      is-inside-container: 1.0.0
      wsl-utils: 0.1.0

  openai@6.49.0: {}

  optionator@0.9.4:
    dependencies:
      deep-is: 0.1.4
      fast-levenshtein: 2.0.6
      levn: 0.4.1
      prelude-ls: 1.2.1
      type-check: 0.4.0
      word-wrap: 1.2.5

  p-limit@3.1.0:
    dependencies:
      yocto-queue: 0.1.0

  p-locate@5.0.0:
    dependencies:
      p-limit: 3.1.0

  parent-module@1.0.1:
    dependencies:
      callsites: 3.1.0

  path-exists@4.0.0: {}

  path-expression-matcher@1.6.2: {}

  path-key@3.1.1: {}

  picomatch@4.0.7: {}

  prelude-ls@1.2.1: {}

  punycode@2.3.1: {}

  resolve-from@4.0.0: {}

  run-applescript@7.1.0: {}

  safe-buffer@5.2.1: {}

  semver@7.8.5: {}

  shebang-command@2.0.0:
    dependencies:
      shebang-regex: 3.0.0

  shebang-regex@3.0.0: {}

  strip-json-comments@3.1.1: {}

  strnum@2.4.2:
    dependencies:
      anynum: 1.0.1

  supports-color@7.2.0:
    dependencies:
      has-flag: 4.0.0

  tinyglobby@0.2.17:
    dependencies:
      fdir: 6.5.0(picomatch@4.0.7)
      picomatch: 4.0.7

  ts-api-utils@2.5.0(typescript@5.9.3):
    dependencies:
      typescript: 5.9.3

  tslib@2.8.1: {}

  type-check@0.4.0:
    dependencies:
      prelude-ls: 1.2.1

  typescript-eslint@8.52.0(eslint@9.39.1)(typescript@5.9.3):
    dependencies:
      '@typescript-eslint/eslint-plugin': 8.52.0(@typescript-eslint/parser@8.52.0(eslint@9.39.1)(typescript@5.9.3))(eslint@9.39.1)(typescript@5.9.3)
      '@typescript-eslint/parser': 8.52.0(eslint@9.39.1)(typescript@5.9.3)
      '@typescript-eslint/typescript-estree': 8.52.0(typescript@5.9.3)
      '@typescript-eslint/utils': 8.52.0(eslint@9.39.1)(typescript@5.9.3)
      eslint: 9.39.1
      typescript: 5.9.3
    transitivePeerDependencies:
      - supports-color

  typescript@5.9.3: {}

  undici-types@7.18.2: {}

  uri-js@4.4.1:
    dependencies:
      punycode: 2.3.1

  which@2.0.2:
    dependencies:
      isexe: 2.0.0

  word-wrap@1.2.5: {}

  wsl-utils@0.1.0:
    dependencies:
      is-wsl: 3.1.1

  xml-naming@0.3.0: {}

  yocto-queue@0.1.0: {}
