lockfileVersion: '9.0'

settings:
  autoInstallPeers: true
  excludeLinksFromLockfile: false

importers:

  .:
    devDependencies:
      '@github/copilot':
        specifier: 1.0.71
        version: 1.0.71
      '@github/copilot-sdk':
        specifier: 1.0.7
        version: 1.0.7
      '@microsoft/vally-cli':
        specifier: 0.15.0
        version: 0.15.0
      saxes:
        specifier: 6.0.0
        version: 6.0.0

packages:

  '@azure/abort-controller@2.2.0':
    resolution: {integrity: sha1-k+DoKwGGLn6jtbaZWHGdPz/SyKw=}
    engines: {node: '>=22.0.0'}

  '@azure/core-auth@1.11.0':
    resolution: {integrity: sha1-Ha7/32LRqHHSK4ZfnzFkpj6h9XU=}
    engines: {node: '>=22.0.0'}

  '@azure/core-client@1.11.1':
    resolution: {integrity: sha1-2ZCHiohXdQerETGTW0c0sppjfVg=}
    engines: {node: '>=22.0.0'}

  '@azure/core-rest-pipeline@1.25.0':
    resolution: {integrity: sha1-kupJEu27H3OV9IKaMAYxF0qoLwg=}
    engines: {node: '>=22.0.0'}

  '@azure/core-tracing@1.4.0':
    resolution: {integrity: sha1-1lenAOJNJW0ZXmKKeV22qMxHXqs=}
    engines: {node: '>=22.0.0'}

  '@azure/core-util@1.14.0':
    resolution: {integrity: sha1-fOn+V5WPEy3UIlc4VuWkXHIyuwQ=}
    engines: {node: '>=22.0.0'}

  '@azure/logger@1.4.0':
    resolution: {integrity: sha1-PVpif+WaJ27OdIenndkq1cUIwzk=}
    engines: {node: '>=22.0.0'}

  '@azure/monitor-opentelemetry-exporter@1.0.0-beta.32':
    resolution: {integrity: sha1-ncv2m4X9D4XAOTPEuxNtZDNSxRw=}
    engines: {node: '>=18.0.0'}

  '@github/copilot-darwin-arm64@1.0.71':
    resolution: {integrity: sha1-oJN6YmXMs8QSEDCpMZB+/bVoPh0=}
    cpu: [arm64]
    os: [darwin]
    hasBin: true

  '@github/copilot-darwin-arm64@1.0.80':
    resolution: {integrity: sha1-O7PeMg8QNrLVmr2oJJ2VVGyswmI=}
    cpu: [arm64]
    os: [darwin]
    hasBin: true

  '@github/copilot-darwin-x64@1.0.71':
    resolution: {integrity: sha1-Z16zgpTufMUogjN4C4VHN8YcgfQ=}
    cpu: [x64]
    os: [darwin]
    hasBin: true

  '@github/copilot-darwin-x64@1.0.80':
    resolution: {integrity: sha1-7p1769kE+APGKTfiFFStYxhq0xg=}
    cpu: [x64]
    os: [darwin]
    hasBin: true

  '@github/copilot-linux-arm64@1.0.71':
    resolution: {integrity: sha1-h+m9TgXvPg9fOdIX0Lb6/Ynl9XM=}
    cpu: [arm64]
    os: [linux]
    libc: [glibc]
    hasBin: true

  '@github/copilot-linux-arm64@1.0.80':
    resolution: {integrity: sha1-Aq/J59Sy7gw5xSPPD201cxauzgs=}
    cpu: [arm64]
    os: [linux]
    libc: [glibc]
    hasBin: true

  '@github/copilot-linux-x64@1.0.71':
    resolution: {integrity: sha1-9BwtUbwXXy+RrUtZRlbU2IdC85g=}
    cpu: [x64]
    os: [linux]
    libc: [glibc]
    hasBin: true

  '@github/copilot-linux-x64@1.0.80':
    resolution: {integrity: sha1-hBj2Ns8VJ3vRw0l9Uuv51CSad84=}
    cpu: [x64]
    os: [linux]
    libc: [glibc]
    hasBin: true

  '@github/copilot-linuxmusl-arm64@1.0.71':
    resolution: {integrity: sha1-lk7OeAX0J16RvB2Fo/FMLHFS15o=}
    cpu: [arm64]
    os: [linux]
    libc: [musl]
    hasBin: true

  '@github/copilot-linuxmusl-arm64@1.0.80':
    resolution: {integrity: sha1-Cwqw4hKkb4ZD6w5JXIjbPwTN4+8=}
    cpu: [arm64]
    os: [linux]
    libc: [musl]
    hasBin: true

  '@github/copilot-linuxmusl-x64@1.0.71':
    resolution: {integrity: sha1-ncPmnC+w4Ea3piz/f267CRcov/s=}
    cpu: [x64]
    os: [linux]
    libc: [musl]
    hasBin: true

  '@github/copilot-linuxmusl-x64@1.0.80':
    resolution: {integrity: sha1-xdoO4YxkEVl6+VCxg6L5MoqyKVQ=}
    cpu: [x64]
    os: [linux]
    libc: [musl]
    hasBin: true

  '@github/copilot-sdk@1.0.7':
    resolution: {integrity: sha1-mOR4GgbFRX6DFwSXJgO9PAq4Ywk=}
    engines: {node: ^20.19.0 || >=22.12.0}

  '@github/copilot-sdk@1.0.9':
    resolution: {integrity: sha1-Bws1jP7j4Ss9qqpy/DnYcLbQvEM=}
    engines: {node: ^20.19.0 || >=22.12.0}

  '@github/copilot-win32-arm64@1.0.71':
    resolution: {integrity: sha1-ZFwwVoPGoWfToNyhk4rRFN9O4mE=}
    cpu: [arm64]
    os: [win32]
    hasBin: true

  '@github/copilot-win32-arm64@1.0.80':
    resolution: {integrity: sha1-2yqFs2UqUisEYq5kix1sxHVykhA=}
    cpu: [arm64]
    os: [win32]
    hasBin: true

  '@github/copilot-win32-x64@1.0.71':
    resolution: {integrity: sha1-LzyWpWloTZhn0YrmZ4akGH7PYfA=}
    cpu: [x64]
    os: [win32]
    hasBin: true

  '@github/copilot-win32-x64@1.0.80':
    resolution: {integrity: sha1-MS+ioPfBrZNg2EVr9z3CXfR14Ug=}
    cpu: [x64]
    os: [win32]
    hasBin: true

  '@github/copilot@1.0.71':
    resolution: {integrity: sha1-qfslXZyT7W6RLbxQauAFX+FGawU=}
    hasBin: true

  '@github/copilot@1.0.80':
    resolution: {integrity: sha1-Xxj+QlK/5wzoak0Yb2yt/fkg+uE=}
    hasBin: true

  '@hono/node-server@2.1.1':
    resolution: {integrity: sha1-nPqGSensvNSO31BbEDACQC6lHnA=}
    engines: {node: '>=20'}
    peerDependencies:
      hono: ^4

  '@koromix/koffi-darwin-arm64@3.1.6':
    resolution: {integrity: sha1-UMiG7oa1oXi04Jhx3kSECoKdmcc=}
    cpu: [arm64]
    os: [darwin]

  '@koromix/koffi-darwin-x64@3.1.6':
    resolution: {integrity: sha1-t/Dr9d2/AMNajDxpxy8jCChMb3o=}
    cpu: [x64]
    os: [darwin]

  '@koromix/koffi-freebsd-arm64@3.1.6':
    resolution: {integrity: sha1-cPZgX/tAshlHokDpzkeW3PaQnyA=}
    cpu: [arm64]
    os: [freebsd]

  '@koromix/koffi-freebsd-ia32@3.1.6':
    resolution: {integrity: sha1-G85tcqXWJCPQaGfux2R62HcEPfI=}
    cpu: [ia32]
    os: [freebsd]

  '@koromix/koffi-freebsd-x64@3.1.6':
    resolution: {integrity: sha1-q3QcGMMyVzkvP4pLHG3AIz1b8zw=}
    cpu: [x64]
    os: [freebsd]

  '@koromix/koffi-linux-arm64@3.1.6':
    resolution: {integrity: sha1-viXY4wKkqiPiVUe6K7QFDsfVzbo=}
    cpu: [arm64]
    os: [linux]

  '@koromix/koffi-linux-ia32@3.1.6':
    resolution: {integrity: sha1-xusbXfU5cDijCAUksx2wHjpOvUs=}
    cpu: [ia32]
    os: [linux]

  '@koromix/koffi-linux-loong64@3.1.6':
    resolution: {integrity: sha1-K0ePdLxqnpuQ7H8D17l1BPUycJ0=}
    cpu: [loong64]
    os: [linux]

  '@koromix/koffi-linux-riscv64@3.1.6':
    resolution: {integrity: sha1-fnm/m4pCWeNEtURSnZf4lOls88s=}
    cpu: [riscv64]
    os: [linux]

  '@koromix/koffi-linux-x64@3.1.6':
    resolution: {integrity: sha1-9AiJQ3mygZLONdWyKg7GkD3jR8U=}
    cpu: [x64]
    os: [linux]

  '@koromix/koffi-openbsd-ia32@3.1.6':
    resolution: {integrity: sha1-GuGU40x3a20a1YIROLhJDdBgmpc=}
    cpu: [ia32]
    os: [openbsd]

  '@koromix/koffi-openbsd-x64@3.1.6':
    resolution: {integrity: sha1-oCYmp0wYKOlY5o8ZyWoY+XTlU8s=}
    cpu: [x64]
    os: [openbsd]

  '@koromix/koffi-win32-arm64@3.1.6':
    resolution: {integrity: sha1-AU3bMCcCRp7qmtUe3UCRNE8+T8k=}
    cpu: [arm64]
    os: [win32]

  '@koromix/koffi-win32-ia32@3.1.6':
    resolution: {integrity: sha1-rQVtnYNT4zfkuz7G1Cq4sTYLsDU=}
    cpu: [ia32]
    os: [win32]

  '@koromix/koffi-win32-x64@3.1.6':
    resolution: {integrity: sha1-bSJ5S+lFTNK4fxsSjrx99b46HEA=}
    cpu: [x64]
    os: [win32]

  '@microsoft/vally-cli@0.15.0':
    resolution: {integrity: sha1-NlQkCsEC1AIgNgVrmtnn5DA5emk=}
    engines: {node: '>=22.12.0'}
    hasBin: true

  '@microsoft/vally-server@0.15.0':
    resolution: {integrity: sha1-KUOU0x0ugDRbPP5UhC6CBNEWKZs=}
    engines: {node: '>=22.12.0'}

  '@microsoft/vally@0.15.0':
    resolution: {integrity: sha1-kR/fstEuZHSc24iG/GgI0372guo=}
    engines: {node: '>=22.12.0'}

  '@opentelemetry/api-logs@0.200.0':
    resolution: {integrity: sha1-+QFf2ESSDBOWhxWzzcz1pNT/kH4=}
    engines: {node: '>=8.0.0'}

  '@opentelemetry/api-logs@0.221.0':
    resolution: {integrity: sha1-ZrhAWxIv8cdu50O5vSynOACi4t8=}
    engines: {node: '>=8.0.0'}

  '@opentelemetry/api@1.9.1':
    resolution: {integrity: sha1-wbA0beM2ulWvLVp5cIggN7rt7AU=}
    engines: {node: '>=8.0.0'}

  '@opentelemetry/context-async-hooks@2.11.0':
    resolution: {integrity: sha1-E3etPLESUQa6NtTNPEkzSE0VdpE=}
    engines: {node: ^18.19.0 || >=20.6.0}
    peerDependencies:
      '@opentelemetry/api': '>=1.0.0 <1.10.0'

  '@opentelemetry/core@2.0.0':
    resolution: {integrity: sha1-N+nw6d3sRHmyZ6ym8y2IdXyUGzo=}
    engines: {node: ^18.19.0 || >=20.6.0}
    peerDependencies:
      '@opentelemetry/api': '>=1.0.0 <1.10.0'

  '@opentelemetry/core@2.10.0':
    resolution: {integrity: sha1-qnf3E450ulOZ1fO7DereDBaPALI=}
    engines: {node: ^18.19.0 || >=20.6.0}
    peerDependencies:
      '@opentelemetry/api': '>=1.0.0 <1.10.0'

  '@opentelemetry/core@2.11.0':
    resolution: {integrity: sha1-l4SdOAi7plJWi31T4gyfw4vLfEk=}
    engines: {node: ^18.19.0 || >=20.6.0}
    peerDependencies:
      '@opentelemetry/api': '>=1.0.0 <1.10.0'

  '@opentelemetry/exporter-trace-otlp-http@0.221.0':
    resolution: {integrity: sha1-tSimB24D3L4BiiscfleFM79N9/8=}
    engines: {node: ^18.19.0 || >=20.6.0}
    peerDependencies:
      '@opentelemetry/api': ^1.3.0

  '@opentelemetry/otlp-exporter-base@0.221.0':
    resolution: {integrity: sha1-BqsA2SdikoM4SOmsxc0iXyOGhGc=}
    engines: {node: ^18.19.0 || >=20.6.0}
    peerDependencies:
      '@opentelemetry/api': ^1.3.0

  '@opentelemetry/otlp-transformer@0.221.0':
    resolution: {integrity: sha1-6/xaZZWh43zk8gTJcRXI7YaNv7s=}
    engines: {node: ^18.19.0 || >=20.6.0}
    peerDependencies:
      '@opentelemetry/api': ^1.3.0

  '@opentelemetry/resources@2.0.0':
    resolution: {integrity: sha1-FcBHlMMrfQs8dYkiXs5q6buiWYk=}
    engines: {node: ^18.19.0 || >=20.6.0}
    peerDependencies:
      '@opentelemetry/api': '>=1.3.0 <1.10.0'

  '@opentelemetry/resources@2.10.0':
    resolution: {integrity: sha1-znbBwbqvzkx3vCmJCWW6H1ZnGsw=}
    engines: {node: ^18.19.0 || >=20.6.0}
    peerDependencies:
      '@opentelemetry/api': '>=1.3.0 <1.10.0'

  '@opentelemetry/resources@2.11.0':
    resolution: {integrity: sha1-tOYLqSpPEi3JefNAKuqXE6mOrFs=}
    engines: {node: ^18.19.0 || >=20.6.0}
    peerDependencies:
      '@opentelemetry/api': '>=1.3.0 <1.10.0'

  '@opentelemetry/sdk-logs@0.200.0':
    resolution: {integrity: sha1-iT2GzvpvLAKnzQPVy0qVnu02U9E=}
    engines: {node: ^18.19.0 || >=20.6.0}
    peerDependencies:
      '@opentelemetry/api': '>=1.4.0 <1.10.0'

  '@opentelemetry/sdk-logs@0.221.0':
    resolution: {integrity: sha1-nsDiy/tXKRe5SBAZg+CIaKaQkV4=}
    engines: {node: ^18.19.0 || >=20.6.0}
    peerDependencies:
      '@opentelemetry/api': '>=1.4.0 <1.10.0'

  '@opentelemetry/sdk-metrics@2.10.0':
    resolution: {integrity: sha1-Go841FFkuj77s1Bb62jK9KPs8tk=}
    engines: {node: ^18.19.0 || >=20.6.0}
    peerDependencies:
      '@opentelemetry/api': '>=1.9.0 <1.10.0'

  '@opentelemetry/sdk-metrics@2.11.0':
    resolution: {integrity: sha1-JCqINQ+N3iZlNiMnON1kPErQyZA=}
    engines: {node: ^18.19.0 || >=20.6.0}
    peerDependencies:
      '@opentelemetry/api': '>=1.9.0 <1.10.0'

  '@opentelemetry/sdk-trace-base@2.11.0':
    resolution: {integrity: sha1-P3JUAfz7FuWyM1wQPNyUiIKWMtE=}
    engines: {node: ^18.19.0 || >=20.6.0}
    peerDependencies:
      '@opentelemetry/api': '>=1.3.0 <1.10.0'

  '@opentelemetry/sdk-trace-node@2.11.0':
    resolution: {integrity: sha1-PhI+/y39o9qPXJOnxCsYXt/te8M=}
    engines: {node: ^18.19.0 || >=20.6.0}
    peerDependencies:
      '@opentelemetry/api': '>=1.0.0 <1.10.0'

  '@opentelemetry/sdk-trace@2.10.0':
    resolution: {integrity: sha1-drAzEJJFKwGosvcESA4ldmQccBE=}
    engines: {node: ^18.19.0 || >=20.6.0}
    peerDependencies:
      '@opentelemetry/api': '>=1.3.0 <1.10.0'

  '@opentelemetry/sdk-trace@2.11.0':
    resolution: {integrity: sha1-Rru6nTZnVd99b63tD3zSWvfyZcI=}
    engines: {node: ^18.19.0 || >=20.6.0}
    peerDependencies:
      '@opentelemetry/api': '>=1.3.0 <1.10.0'

  '@opentelemetry/semantic-conventions@1.43.0':
    resolution: {integrity: sha1-8/Rn42wnMy8Oc17IbNzXjdbyeGU=}
    engines: {node: '>=14'}

  '@types/debug@4.1.13':
    resolution: {integrity: sha1-ItHMnVQtNZPK6nZPl0MGqzYobuc=}

  '@types/mdast@4.0.4':
    resolution: {integrity: sha1-fM9y7dLxqn3TQ34YDGQ3NYWATdY=}

  '@types/ms@2.1.0':
    resolution: {integrity: sha1-BSqmekjszEMJ1/AZG35BQ0uQu3g=}

  '@types/unist@3.0.3':
    resolution: {integrity: sha1-rKqw+RnOaczmKcLU7S60rcG2wgw=}

  '@typespec/ts-http-runtime@0.3.9':
    resolution: {integrity: sha1-MyhVu9cpqzbgd5st/CTtySDRJGE=}
    engines: {node: '>=22.0.0'}

  '@vscode/deviceid@0.1.5':
    resolution: {integrity: sha1-ven4iNvP0fzpoBcj+qJ1LUh58pw=}

  agent-base@7.1.4:
    resolution: {integrity: sha1-48121MVI7oldPD/Y3B9sW5Ay56g=}
    engines: {node: '>= 14'}

  base64-js@1.5.1:
    resolution: {integrity: sha1-GxtEAWClv3rUC2UPCVljSBkDkwo=}

  better-sqlite3@13.0.3:
    resolution: {integrity: sha1-tuoNx//34o0E2Qk+gQUdOPe+q+I=}
    engines: {node: '>=22'}

  character-entities@2.0.2:
    resolution: {integrity: sha1-LQnC5yzZUjB2zLIRV9/2atQ/zCI=}

  commander@15.0.0:
    resolution: {integrity: sha1-lvOWHxKtrBeZ7z+9i8YdQFctGxE=}
    engines: {node: '>=22.12.0'}

  debug@4.4.3:
    resolution: {integrity: sha1-xq5DLZvZZiWC/OCHCbA4xY6ePWo=}
    engines: {node: '>=6.0'}
    peerDependencies:
      supports-color: '*'
    peerDependenciesMeta:
      supports-color:
        optional: true

  decode-named-character-reference@1.3.0:
    resolution: {integrity: sha1-PkBgN2CHTC5YZ2kbWZ1zp9oltT8=}

  dequal@2.0.3:
    resolution: {integrity: sha1-JkQhTxmX057Q7g7OcjNUkKesZ74=}
    engines: {node: '>=6'}

  detect-libc@2.1.2:
    resolution: {integrity: sha1-aJxdzcGQDvVYOky59te0c3QgdK0=}
    engines: {node: '>=8'}

  devlop@1.1.0:
    resolution: {integrity: sha1-TbfCyk3G4Og0wwvnDJS7yXbccBg=}

  fs-extra@11.4.0:
    resolution: {integrity: sha1-+I7W0YCsnhS2GwjmeUaPCxtrRzA=}
    engines: {node: '>=14.14'}

  graceful-fs@4.2.11:
    resolution: {integrity: sha1-QYPk6L8Iu24Fu7L30uDI9xLKQOM=}

  hono@4.13.5:
    resolution: {integrity: sha1-PflGPEZooDIcOVFTCfWJHjiOlwk=}
    engines: {node: '>=16.9.0'}

  http-proxy-agent@7.0.2:
    resolution: {integrity: sha1-mosfJGhmwChQlIZYX2K48sGMJw4=}
    engines: {node: '>= 14'}

  https-proxy-agent@7.0.6:
    resolution: {integrity: sha1-2o3+rH2hMLBcK6S1nJts1mYRprk=}
    engines: {node: '>= 14'}

  js-tiktoken@1.0.21:
    resolution: {integrity: sha1-NoqZV1kaMKYpl90MTPMIZvAPgiE=}

  jsonfile@6.2.1:
    resolution: {integrity: sha1-tuMXF/Isw3MwsIHOAFHtXeU68vY=}

  koffi@3.1.6:
    resolution: {integrity: sha1-l/qLxQwq9uGoc/3uNxPMEovyhv8=}

  mdast-util-from-markdown@2.0.3:
    resolution: {integrity: sha1-yVgiuRqrdfGKTL6LL1G4c+0s8Mc=}

  mdast-util-to-string@4.0.0:
    resolution: {integrity: sha1-elEhR1VWoE5+3etnsmSq550xKBQ=}

  micromark-core-commonmark@2.0.3:
    resolution: {integrity: sha1-xpFjDkhQIaaM8o28Kyyifr9njNQ=}

  micromark-factory-destination@2.0.1:
    resolution: {integrity: sha1-j++OD3CB8EdPvdkt61DJkKAmRjk=}

  micromark-factory-label@2.0.1:
    resolution: {integrity: sha1-UmfvqX8eUlTvx/ILRZo4yyEFi6E=}

  micromark-factory-space@2.0.1:
    resolution: {integrity: sha1-NtAhLpYrKzEh+FJfx6PHwCnzNPw=}

  micromark-factory-title@2.0.1:
    resolution: {integrity: sha1-I35KpdWKlYY/AQMtnumwkPHebpQ=}

  micromark-factory-whitespace@2.0.1:
    resolution: {integrity: sha1-BrJrKYPE0nv8xlezPiUTTUhosLE=}

  micromark-util-character@2.1.1:
    resolution: {integrity: sha1-L5h4MaQNTFEKwmHomFLE6XA8zaY=}

  micromark-util-chunked@2.0.1:
    resolution: {integrity: sha1-R/vNk0caP8yrhs/wOEf8NVLbEFE=}

  micromark-util-classify-character@2.0.1:
    resolution: {integrity: sha1-05n6+cRcoUyLS+mLHqSBvO2Htik=}

  micromark-util-combine-extensions@2.0.1:
    resolution: {integrity: sha1-Kg9JCrCL/1zC/V7sbdDKBPibMKk=}

  micromark-util-decode-numeric-character-reference@2.0.2:
    resolution: {integrity: sha1-/PFbZgl5OI5vEYzba/fXnXPSb+U=}

  micromark-util-decode-string@2.0.1:
    resolution: {integrity: sha1-bLmVguXScehO/KjmGoB5lNcWHrI=}

  micromark-util-encode@2.0.1:
    resolution: {integrity: sha1-DVHRwJVVHPqsNoMmljz1XxX1QLg=}

  micromark-util-html-tag-name@2.0.1:
    resolution: {integrity: sha1-5AQDCWSBmGtBwQZif5j3LU0QuCU=}

  micromark-util-normalize-identifier@2.0.1:
    resolution: {integrity: sha1-ww13sugyrPZSb4vxqke8nJQ4wW0=}

  micromark-util-resolve-all@2.0.1:
    resolution: {integrity: sha1-4aLWLN0jcjCirhGDkCexk4HjHos=}

  micromark-util-sanitize-uri@2.0.1:
    resolution: {integrity: sha1-q4l4m4GKWHUrc9a1UjhiG3+qj9c=}

  micromark-util-subtokenize@2.1.0:
    resolution: {integrity: sha1-2K3lug8xl6HPaimZ+7/mNXoaGe4=}

  micromark-util-symbol@2.0.1:
    resolution: {integrity: sha1-5dpJTo6ysHGg0I+zT2zv7GwKGbg=}

  micromark-util-types@2.0.2:
    resolution: {integrity: sha1-8AIl9fWg68MlT5bDa2YFxLOTkI4=}

  micromark@4.0.2:
    resolution: {integrity: sha1-kTlaPhiEoZjmIRbjPJxWjjmTb9s=}

  ms@2.1.3:
    resolution: {integrity: sha1-V0yBOM4dK1hh8LRFedut1gxmFbI=}

  node-addon-api@8.9.2:
    resolution: {integrity: sha1-23rJShP/2bVebLBFhL1e+OHXSxg=}
    engines: {node: ^18 || ^20 || >= 21}

  picomatch@4.0.7:
    resolution: {integrity: sha1-YxM2ADTMs2s9xh7L3/eBIfkP4h8=}
    engines: {node: '>=12'}

  saxes@6.0.0:
    resolution: {integrity: sha1-/ltKR2jfTxSiAbG6amXB89mYjMU=}
    engines: {node: '>=v12.22.7'}

  tslib@2.8.1:
    resolution: {integrity: sha1-YS7+TtI11Wfoq6Xypfq3AoCt6D8=}

  unist-util-stringify-position@4.0.0:
    resolution: {integrity: sha1-RJxuIaiA4IVb9aq63rOnQDFKusI=}

  universalify@2.0.1:
    resolution: {integrity: sha1-Fo78IYCWTmOG0GHglN9hr+I5sY0=}
    engines: {node: '>= 10.0.0'}

  uuid@14.0.2:
    resolution: {integrity: sha1-1a4D5NsIgchycfiwub1zEtAseZo=}
    hasBin: true

  vscode-jsonrpc@8.2.1:
    resolution: {integrity: sha1-oyLMDx2X95T/2cTNKomKC94JfzQ=}
    engines: {node: '>=14.0.0'}

  xmlchars@2.2.0:
    resolution: {integrity: sha1-Bg/hvLf5x2/ioX24apvDq4lCEMs=}

  yaml@2.9.0:
    resolution: {integrity: sha1-eCdK/ZNZih391hMN9qVm3vy/mqQ=}
    engines: {node: '>= 14.6'}
    hasBin: true

  zod@4.5.4:
    resolution: {integrity: sha1-4hXGJCDFKN15UeMftSxUOPH9GEo=}

snapshots:

  '@azure/abort-controller@2.2.0':
    dependencies:
      tslib: 2.8.1

  '@azure/core-auth@1.11.0':
    dependencies:
      '@azure/abort-controller': 2.2.0
      '@azure/core-util': 1.14.0
      tslib: 2.8.1
    transitivePeerDependencies:
      - supports-color

  '@azure/core-client@1.11.1':
    dependencies:
      '@azure/abort-controller': 2.2.0
      '@azure/core-auth': 1.11.0
      '@azure/core-rest-pipeline': 1.25.0
      '@azure/core-tracing': 1.4.0
      '@azure/core-util': 1.14.0
      '@azure/logger': 1.4.0
      tslib: 2.8.1
    transitivePeerDependencies:
      - supports-color

  '@azure/core-rest-pipeline@1.25.0':
    dependencies:
      '@azure/abort-controller': 2.2.0
      '@azure/core-auth': 1.11.0
      '@azure/core-tracing': 1.4.0
      '@azure/core-util': 1.14.0
      '@azure/logger': 1.4.0
      '@typespec/ts-http-runtime': 0.3.9
      tslib: 2.8.1
    transitivePeerDependencies:
      - supports-color

  '@azure/core-tracing@1.4.0':
    dependencies:
      tslib: 2.8.1

  '@azure/core-util@1.14.0':
    dependencies:
      '@azure/abort-controller': 2.2.0
      '@typespec/ts-http-runtime': 0.3.9
      tslib: 2.8.1
    transitivePeerDependencies:
      - supports-color

  '@azure/logger@1.4.0':
    dependencies:
      '@typespec/ts-http-runtime': 0.3.9
      tslib: 2.8.1
    transitivePeerDependencies:
      - supports-color

  '@azure/monitor-opentelemetry-exporter@1.0.0-beta.32':
    dependencies:
      '@azure/core-auth': 1.11.0
      '@azure/core-client': 1.11.1
      '@azure/core-rest-pipeline': 1.25.0
      '@opentelemetry/api': 1.9.1
      '@opentelemetry/api-logs': 0.200.0
      '@opentelemetry/core': 2.11.0(@opentelemetry/api@1.9.1)
      '@opentelemetry/resources': 2.11.0(@opentelemetry/api@1.9.1)
      '@opentelemetry/sdk-logs': 0.200.0(@opentelemetry/api@1.9.1)
      '@opentelemetry/sdk-metrics': 2.11.0(@opentelemetry/api@1.9.1)
      '@opentelemetry/sdk-trace-base': 2.11.0(@opentelemetry/api@1.9.1)
      '@opentelemetry/semantic-conventions': 1.43.0
      tslib: 2.8.1
    transitivePeerDependencies:
      - supports-color

  '@github/copilot-darwin-arm64@1.0.71':
    optional: true

  '@github/copilot-darwin-arm64@1.0.80':
    optional: true

  '@github/copilot-darwin-x64@1.0.71':
    optional: true

  '@github/copilot-darwin-x64@1.0.80':
    optional: true

  '@github/copilot-linux-arm64@1.0.71':
    optional: true

  '@github/copilot-linux-arm64@1.0.80':
    optional: true

  '@github/copilot-linux-x64@1.0.71':
    optional: true

  '@github/copilot-linux-x64@1.0.80':
    optional: true

  '@github/copilot-linuxmusl-arm64@1.0.71':
    optional: true

  '@github/copilot-linuxmusl-arm64@1.0.80':
    optional: true

  '@github/copilot-linuxmusl-x64@1.0.71':
    optional: true

  '@github/copilot-linuxmusl-x64@1.0.80':
    optional: true

  '@github/copilot-sdk@1.0.7':
    dependencies:
      '@github/copilot': 1.0.71
      koffi: 3.1.6
      vscode-jsonrpc: 8.2.1
      zod: 4.5.4

  '@github/copilot-sdk@1.0.9':
    dependencies:
      '@github/copilot': 1.0.80
      koffi: 3.1.6
      vscode-jsonrpc: 8.2.1
      zod: 4.5.4

  '@github/copilot-win32-arm64@1.0.71':
    optional: true

  '@github/copilot-win32-arm64@1.0.80':
    optional: true

  '@github/copilot-win32-x64@1.0.71':
    optional: true

  '@github/copilot-win32-x64@1.0.80':
    optional: true

  '@github/copilot@1.0.71':
    dependencies:
      detect-libc: 2.1.2
    optionalDependencies:
      '@github/copilot-darwin-arm64': 1.0.71
      '@github/copilot-darwin-x64': 1.0.71
      '@github/copilot-linux-arm64': 1.0.71
      '@github/copilot-linux-x64': 1.0.71
      '@github/copilot-linuxmusl-arm64': 1.0.71
      '@github/copilot-linuxmusl-x64': 1.0.71
      '@github/copilot-win32-arm64': 1.0.71
      '@github/copilot-win32-x64': 1.0.71

  '@github/copilot@1.0.80':
    dependencies:
      detect-libc: 2.1.2
    optionalDependencies:
      '@github/copilot-darwin-arm64': 1.0.80
      '@github/copilot-darwin-x64': 1.0.80
      '@github/copilot-linux-arm64': 1.0.80
      '@github/copilot-linux-x64': 1.0.80
      '@github/copilot-linuxmusl-arm64': 1.0.80
      '@github/copilot-linuxmusl-x64': 1.0.80
      '@github/copilot-win32-arm64': 1.0.80
      '@github/copilot-win32-x64': 1.0.80

  '@hono/node-server@2.1.1(hono@4.13.5)':
    dependencies:
      hono: 4.13.5

  '@koromix/koffi-darwin-arm64@3.1.6':
    optional: true

  '@koromix/koffi-darwin-x64@3.1.6':
    optional: true

  '@koromix/koffi-freebsd-arm64@3.1.6':
    optional: true

  '@koromix/koffi-freebsd-ia32@3.1.6':
    optional: true

  '@koromix/koffi-freebsd-x64@3.1.6':
    optional: true

  '@koromix/koffi-linux-arm64@3.1.6':
    optional: true

  '@koromix/koffi-linux-ia32@3.1.6':
    optional: true

  '@koromix/koffi-linux-loong64@3.1.6':
    optional: true

  '@koromix/koffi-linux-riscv64@3.1.6':
    optional: true

  '@koromix/koffi-linux-x64@3.1.6':
    optional: true

  '@koromix/koffi-openbsd-ia32@3.1.6':
    optional: true

  '@koromix/koffi-openbsd-x64@3.1.6':
    optional: true

  '@koromix/koffi-win32-arm64@3.1.6':
    optional: true

  '@koromix/koffi-win32-ia32@3.1.6':
    optional: true

  '@koromix/koffi-win32-x64@3.1.6':
    optional: true

  '@microsoft/vally-cli@0.15.0':
    dependencies:
      '@azure/monitor-opentelemetry-exporter': 1.0.0-beta.32
      '@microsoft/vally': 0.15.0
      '@microsoft/vally-server': 0.15.0
      '@opentelemetry/api': 1.9.1
      '@opentelemetry/exporter-trace-otlp-http': 0.221.0(@opentelemetry/api@1.9.1)
      '@opentelemetry/resources': 2.11.0(@opentelemetry/api@1.9.1)
      '@opentelemetry/sdk-trace-base': 2.11.0(@opentelemetry/api@1.9.1)
      '@opentelemetry/sdk-trace-node': 2.11.0(@opentelemetry/api@1.9.1)
      commander: 15.0.0
    optionalDependencies:
      '@vscode/deviceid': 0.1.5
    transitivePeerDependencies:
      - supports-color

  '@microsoft/vally-server@0.15.0':
    dependencies:
      '@hono/node-server': 2.1.1(hono@4.13.5)
      '@microsoft/vally': 0.15.0
      better-sqlite3: 13.0.3
      hono: 4.13.5
    transitivePeerDependencies:
      - supports-color

  '@microsoft/vally@0.15.0':
    dependencies:
      '@github/copilot': 1.0.80
      '@github/copilot-sdk': 1.0.9
      '@opentelemetry/api': 1.9.1
      js-tiktoken: 1.0.21
      mdast-util-from-markdown: 2.0.3
      picomatch: 4.0.7
      yaml: 2.9.0
      zod: 4.5.4
    transitivePeerDependencies:
      - supports-color

  '@opentelemetry/api-logs@0.200.0':
    dependencies:
      '@opentelemetry/api': 1.9.1

  '@opentelemetry/api-logs@0.221.0':
    dependencies:
      '@opentelemetry/api': 1.9.1

  '@opentelemetry/api@1.9.1': {}

  '@opentelemetry/context-async-hooks@2.11.0(@opentelemetry/api@1.9.1)':
    dependencies:
      '@opentelemetry/api': 1.9.1

  '@opentelemetry/core@2.0.0(@opentelemetry/api@1.9.1)':
    dependencies:
      '@opentelemetry/api': 1.9.1
      '@opentelemetry/semantic-conventions': 1.43.0

  '@opentelemetry/core@2.10.0(@opentelemetry/api@1.9.1)':
    dependencies:
      '@opentelemetry/api': 1.9.1
      '@opentelemetry/semantic-conventions': 1.43.0

  '@opentelemetry/core@2.11.0(@opentelemetry/api@1.9.1)':
    dependencies:
      '@opentelemetry/api': 1.9.1
      '@opentelemetry/semantic-conventions': 1.43.0

  '@opentelemetry/exporter-trace-otlp-http@0.221.0(@opentelemetry/api@1.9.1)':
    dependencies:
      '@opentelemetry/api': 1.9.1
      '@opentelemetry/otlp-exporter-base': 0.221.0(@opentelemetry/api@1.9.1)
      '@opentelemetry/otlp-transformer': 0.221.0(@opentelemetry/api@1.9.1)
      '@opentelemetry/sdk-trace': 2.10.0(@opentelemetry/api@1.9.1)

  '@opentelemetry/otlp-exporter-base@0.221.0(@opentelemetry/api@1.9.1)':
    dependencies:
      '@opentelemetry/api': 1.9.1
      '@opentelemetry/core': 2.10.0(@opentelemetry/api@1.9.1)
      '@opentelemetry/otlp-transformer': 0.221.0(@opentelemetry/api@1.9.1)

  '@opentelemetry/otlp-transformer@0.221.0(@opentelemetry/api@1.9.1)':
    dependencies:
      '@opentelemetry/api': 1.9.1
      '@opentelemetry/api-logs': 0.221.0
      '@opentelemetry/core': 2.10.0(@opentelemetry/api@1.9.1)
      '@opentelemetry/resources': 2.10.0(@opentelemetry/api@1.9.1)
      '@opentelemetry/sdk-logs': 0.221.0(@opentelemetry/api@1.9.1)
      '@opentelemetry/sdk-metrics': 2.10.0(@opentelemetry/api@1.9.1)
      '@opentelemetry/sdk-trace': 2.10.0(@opentelemetry/api@1.9.1)

  '@opentelemetry/resources@2.0.0(@opentelemetry/api@1.9.1)':
    dependencies:
      '@opentelemetry/api': 1.9.1
      '@opentelemetry/core': 2.0.0(@opentelemetry/api@1.9.1)
      '@opentelemetry/semantic-conventions': 1.43.0

  '@opentelemetry/resources@2.10.0(@opentelemetry/api@1.9.1)':
    dependencies:
      '@opentelemetry/api': 1.9.1
      '@opentelemetry/core': 2.10.0(@opentelemetry/api@1.9.1)
      '@opentelemetry/semantic-conventions': 1.43.0

  '@opentelemetry/resources@2.11.0(@opentelemetry/api@1.9.1)':
    dependencies:
      '@opentelemetry/api': 1.9.1
      '@opentelemetry/core': 2.11.0(@opentelemetry/api@1.9.1)
      '@opentelemetry/semantic-conventions': 1.43.0

  '@opentelemetry/sdk-logs@0.200.0(@opentelemetry/api@1.9.1)':
    dependencies:
      '@opentelemetry/api': 1.9.1
      '@opentelemetry/api-logs': 0.200.0
      '@opentelemetry/core': 2.0.0(@opentelemetry/api@1.9.1)
      '@opentelemetry/resources': 2.0.0(@opentelemetry/api@1.9.1)

  '@opentelemetry/sdk-logs@0.221.0(@opentelemetry/api@1.9.1)':
    dependencies:
      '@opentelemetry/api': 1.9.1
      '@opentelemetry/api-logs': 0.221.0
      '@opentelemetry/core': 2.10.0(@opentelemetry/api@1.9.1)
      '@opentelemetry/resources': 2.10.0(@opentelemetry/api@1.9.1)
      '@opentelemetry/semantic-conventions': 1.43.0

  '@opentelemetry/sdk-metrics@2.10.0(@opentelemetry/api@1.9.1)':
    dependencies:
      '@opentelemetry/api': 1.9.1
      '@opentelemetry/core': 2.10.0(@opentelemetry/api@1.9.1)
      '@opentelemetry/resources': 2.10.0(@opentelemetry/api@1.9.1)

  '@opentelemetry/sdk-metrics@2.11.0(@opentelemetry/api@1.9.1)':
    dependencies:
      '@opentelemetry/api': 1.9.1
      '@opentelemetry/core': 2.11.0(@opentelemetry/api@1.9.1)
      '@opentelemetry/resources': 2.11.0(@opentelemetry/api@1.9.1)

  '@opentelemetry/sdk-trace-base@2.11.0(@opentelemetry/api@1.9.1)':
    dependencies:
      '@opentelemetry/api': 1.9.1
      '@opentelemetry/core': 2.11.0(@opentelemetry/api@1.9.1)
      '@opentelemetry/resources': 2.11.0(@opentelemetry/api@1.9.1)
      '@opentelemetry/sdk-trace': 2.11.0(@opentelemetry/api@1.9.1)
      '@opentelemetry/semantic-conventions': 1.43.0

  '@opentelemetry/sdk-trace-node@2.11.0(@opentelemetry/api@1.9.1)':
    dependencies:
      '@opentelemetry/api': 1.9.1
      '@opentelemetry/context-async-hooks': 2.11.0(@opentelemetry/api@1.9.1)
      '@opentelemetry/core': 2.11.0(@opentelemetry/api@1.9.1)
      '@opentelemetry/sdk-trace-base': 2.11.0(@opentelemetry/api@1.9.1)

  '@opentelemetry/sdk-trace@2.10.0(@opentelemetry/api@1.9.1)':
    dependencies:
      '@opentelemetry/api': 1.9.1
      '@opentelemetry/core': 2.10.0(@opentelemetry/api@1.9.1)
      '@opentelemetry/resources': 2.10.0(@opentelemetry/api@1.9.1)
      '@opentelemetry/semantic-conventions': 1.43.0

  '@opentelemetry/sdk-trace@2.11.0(@opentelemetry/api@1.9.1)':
    dependencies:
      '@opentelemetry/api': 1.9.1
      '@opentelemetry/core': 2.11.0(@opentelemetry/api@1.9.1)
      '@opentelemetry/resources': 2.11.0(@opentelemetry/api@1.9.1)
      '@opentelemetry/semantic-conventions': 1.43.0

  '@opentelemetry/semantic-conventions@1.43.0': {}

  '@types/debug@4.1.13':
    dependencies:
      '@types/ms': 2.1.0

  '@types/mdast@4.0.4':
    dependencies:
      '@types/unist': 3.0.3

  '@types/ms@2.1.0': {}

  '@types/unist@3.0.3': {}

  '@typespec/ts-http-runtime@0.3.9':
    dependencies:
      http-proxy-agent: 7.0.2
      https-proxy-agent: 7.0.6
      tslib: 2.8.1
    transitivePeerDependencies:
      - supports-color

  '@vscode/deviceid@0.1.5':
    dependencies:
      fs-extra: 11.4.0
      uuid: 14.0.2
    optional: true

  agent-base@7.1.4: {}

  base64-js@1.5.1: {}

  better-sqlite3@13.0.3:
    dependencies:
      node-addon-api: 8.9.2

  character-entities@2.0.2: {}

  commander@15.0.0: {}

  debug@4.4.3:
    dependencies:
      ms: 2.1.3

  decode-named-character-reference@1.3.0:
    dependencies:
      character-entities: 2.0.2

  dequal@2.0.3: {}

  detect-libc@2.1.2: {}

  devlop@1.1.0:
    dependencies:
      dequal: 2.0.3

  fs-extra@11.4.0:
    dependencies:
      graceful-fs: 4.2.11
      jsonfile: 6.2.1
      universalify: 2.0.1
    optional: true

  graceful-fs@4.2.11:
    optional: true

  hono@4.13.5: {}

  http-proxy-agent@7.0.2:
    dependencies:
      agent-base: 7.1.4
      debug: 4.4.3
    transitivePeerDependencies:
      - supports-color

  https-proxy-agent@7.0.6:
    dependencies:
      agent-base: 7.1.4
      debug: 4.4.3
    transitivePeerDependencies:
      - supports-color

  js-tiktoken@1.0.21:
    dependencies:
      base64-js: 1.5.1

  jsonfile@6.2.1:
    dependencies:
      universalify: 2.0.1
    optionalDependencies:
      graceful-fs: 4.2.11
    optional: true

  koffi@3.1.6:
    optionalDependencies:
      '@koromix/koffi-darwin-arm64': 3.1.6
      '@koromix/koffi-darwin-x64': 3.1.6
      '@koromix/koffi-freebsd-arm64': 3.1.6
      '@koromix/koffi-freebsd-ia32': 3.1.6
      '@koromix/koffi-freebsd-x64': 3.1.6
      '@koromix/koffi-linux-arm64': 3.1.6
      '@koromix/koffi-linux-ia32': 3.1.6
      '@koromix/koffi-linux-loong64': 3.1.6
      '@koromix/koffi-linux-riscv64': 3.1.6
      '@koromix/koffi-linux-x64': 3.1.6
      '@koromix/koffi-openbsd-ia32': 3.1.6
      '@koromix/koffi-openbsd-x64': 3.1.6
      '@koromix/koffi-win32-arm64': 3.1.6
      '@koromix/koffi-win32-ia32': 3.1.6
      '@koromix/koffi-win32-x64': 3.1.6

  mdast-util-from-markdown@2.0.3:
    dependencies:
      '@types/mdast': 4.0.4
      '@types/unist': 3.0.3
      decode-named-character-reference: 1.3.0
      devlop: 1.1.0
      mdast-util-to-string: 4.0.0
      micromark: 4.0.2
      micromark-util-decode-numeric-character-reference: 2.0.2
      micromark-util-decode-string: 2.0.1
      micromark-util-normalize-identifier: 2.0.1
      micromark-util-symbol: 2.0.1
      micromark-util-types: 2.0.2
      unist-util-stringify-position: 4.0.0
    transitivePeerDependencies:
      - supports-color

  mdast-util-to-string@4.0.0:
    dependencies:
      '@types/mdast': 4.0.4

  micromark-core-commonmark@2.0.3:
    dependencies:
      decode-named-character-reference: 1.3.0
      devlop: 1.1.0
      micromark-factory-destination: 2.0.1
      micromark-factory-label: 2.0.1
      micromark-factory-space: 2.0.1
      micromark-factory-title: 2.0.1
      micromark-factory-whitespace: 2.0.1
      micromark-util-character: 2.1.1
      micromark-util-chunked: 2.0.1
      micromark-util-classify-character: 2.0.1
      micromark-util-html-tag-name: 2.0.1
      micromark-util-normalize-identifier: 2.0.1
      micromark-util-resolve-all: 2.0.1
      micromark-util-subtokenize: 2.1.0
      micromark-util-symbol: 2.0.1
      micromark-util-types: 2.0.2

  micromark-factory-destination@2.0.1:
    dependencies:
      micromark-util-character: 2.1.1
      micromark-util-symbol: 2.0.1
      micromark-util-types: 2.0.2

  micromark-factory-label@2.0.1:
    dependencies:
      devlop: 1.1.0
      micromark-util-character: 2.1.1
      micromark-util-symbol: 2.0.1
      micromark-util-types: 2.0.2

  micromark-factory-space@2.0.1:
    dependencies:
      micromark-util-character: 2.1.1
      micromark-util-types: 2.0.2

  micromark-factory-title@2.0.1:
    dependencies:
      micromark-factory-space: 2.0.1
      micromark-util-character: 2.1.1
      micromark-util-symbol: 2.0.1
      micromark-util-types: 2.0.2

  micromark-factory-whitespace@2.0.1:
    dependencies:
      micromark-factory-space: 2.0.1
      micromark-util-character: 2.1.1
      micromark-util-symbol: 2.0.1
      micromark-util-types: 2.0.2

  micromark-util-character@2.1.1:
    dependencies:
      micromark-util-symbol: 2.0.1
      micromark-util-types: 2.0.2

  micromark-util-chunked@2.0.1:
    dependencies:
      micromark-util-symbol: 2.0.1

  micromark-util-classify-character@2.0.1:
    dependencies:
      micromark-util-character: 2.1.1
      micromark-util-symbol: 2.0.1
      micromark-util-types: 2.0.2

  micromark-util-combine-extensions@2.0.1:
    dependencies:
      micromark-util-chunked: 2.0.1
      micromark-util-types: 2.0.2

  micromark-util-decode-numeric-character-reference@2.0.2:
    dependencies:
      micromark-util-symbol: 2.0.1

  micromark-util-decode-string@2.0.1:
    dependencies:
      decode-named-character-reference: 1.3.0
      micromark-util-character: 2.1.1
      micromark-util-decode-numeric-character-reference: 2.0.2
      micromark-util-symbol: 2.0.1

  micromark-util-encode@2.0.1: {}

  micromark-util-html-tag-name@2.0.1: {}

  micromark-util-normalize-identifier@2.0.1:
    dependencies:
      micromark-util-symbol: 2.0.1

  micromark-util-resolve-all@2.0.1:
    dependencies:
      micromark-util-types: 2.0.2

  micromark-util-sanitize-uri@2.0.1:
    dependencies:
      micromark-util-character: 2.1.1
      micromark-util-encode: 2.0.1
      micromark-util-symbol: 2.0.1

  micromark-util-subtokenize@2.1.0:
    dependencies:
      devlop: 1.1.0
      micromark-util-chunked: 2.0.1
      micromark-util-symbol: 2.0.1
      micromark-util-types: 2.0.2

  micromark-util-symbol@2.0.1: {}

  micromark-util-types@2.0.2: {}

  micromark@4.0.2:
    dependencies:
      '@types/debug': 4.1.13
      debug: 4.4.3
      decode-named-character-reference: 1.3.0
      devlop: 1.1.0
      micromark-core-commonmark: 2.0.3
      micromark-factory-space: 2.0.1
      micromark-util-character: 2.1.1
      micromark-util-chunked: 2.0.1
      micromark-util-combine-extensions: 2.0.1
      micromark-util-decode-numeric-character-reference: 2.0.2
      micromark-util-encode: 2.0.1
      micromark-util-normalize-identifier: 2.0.1
      micromark-util-resolve-all: 2.0.1
      micromark-util-sanitize-uri: 2.0.1
      micromark-util-subtokenize: 2.1.0
      micromark-util-symbol: 2.0.1
      micromark-util-types: 2.0.2
    transitivePeerDependencies:
      - supports-color

  ms@2.1.3: {}

  node-addon-api@8.9.2: {}

  picomatch@4.0.7: {}

  saxes@6.0.0:
    dependencies:
      xmlchars: 2.2.0

  tslib@2.8.1: {}

  unist-util-stringify-position@4.0.0:
    dependencies:
      '@types/unist': 3.0.3

  universalify@2.0.1:
    optional: true

  uuid@14.0.2:
    optional: true

  vscode-jsonrpc@8.2.1: {}

  xmlchars@2.2.0: {}

  yaml@2.9.0: {}

  zod@4.5.4: {}
