lockfileVersion: '9.0'

settings:
  autoInstallPeers: true
  excludeLinksFromLockfile: false

importers:

  .:
    dependencies:
      '@azure/event-hubs':
        specifier: 6.0.4
        version: 6.0.4
      '@azure/eventhubs-checkpointstore-blob':
        specifier: 2.0.1
        version: 2.0.1
      '@azure/storage-blob':
        specifier: 12.33.0
        version: 12.33.0
    devDependencies:
      typescript:
        specifier: 5.9.2
        version: 5.9.2

packages:

  '@azure/abort-controller@2.2.0':
    resolution: {integrity: sha1-k+DoKwGGLn6jtbaZWHGdPz/SyKw=}
    engines: {node: '>=22.0.0'}

  '@azure/core-amqp@4.5.0':
    resolution: {integrity: sha1-n32dCXWXAyKRblx23bTKx/ur0XY=}
    engines: {node: '>=22.0.0'}

  '@azure/core-auth@1.11.0':
    resolution: {integrity: sha1-Ha7/32LRqHHSK4ZfnzFkpj6h9XU=}
    engines: {node: '>=22.0.0'}

  '@azure/core-client@1.11.0':
    resolution: {integrity: sha1-5z0JrHl33l17QVaWt+1F0/3rZ7A=}
    engines: {node: '>=22.0.0'}

  '@azure/core-http-compat@2.5.0':
    resolution: {integrity: sha1-14BmGln4pDL+yyt8b6LVgi3KHeo=}
    engines: {node: '>=22.0.0'}
    peerDependencies:
      '@azure/core-client': ^1.10.0
      '@azure/core-rest-pipeline': ^1.22.0

  '@azure/core-lro@2.7.2':
    resolution: {integrity: sha1-eHEFAnog5Fx3ZRqYsBpNOwG3Wgg=}
    engines: {node: '>=18.0.0'}

  '@azure/core-paging@1.7.0':
    resolution: {integrity: sha1-WVl6L1Q4ujxsh4n8hw9p4OeFMag=}
    engines: {node: '>=22.0.0'}

  '@azure/core-rest-pipeline@1.25.0':
    resolution: {integrity: sha1-kupJEu27H3OV9IKaMAYxF0qoLwg=}
    engines: {node: '>=22.0.0'}

  '@azure/core-tracing@1.4.0':
    resolution: {integrity: sha1-1lenAOJNJW0ZXmKKeV22qMxHXqs=}
    engines: {node: '>=22.0.0'}

  '@azure/core-util@1.14.0':
    resolution: {integrity: sha1-fOn+V5WPEy3UIlc4VuWkXHIyuwQ=}
    engines: {node: '>=22.0.0'}

  '@azure/core-xml@1.6.0':
    resolution: {integrity: sha1-EI8JIOG834owuffoh5ibOhIIK9k=}
    engines: {node: '>=22.0.0'}

  '@azure/event-hubs@6.0.4':
    resolution: {integrity: sha1-60GR9wo5KxBDzH4/+Qluyg5xuIE=}
    engines: {node: '>=20.0.0'}

  '@azure/eventhubs-checkpointstore-blob@2.0.1':
    resolution: {integrity: sha1-bTGiQwBoW6cddCsAMeDGUvzw4vM=}
    engines: {node: '>=20.0.0'}
    deprecated: Unplanned Release

  '@azure/logger@1.4.0':
    resolution: {integrity: sha1-PVpif+WaJ27OdIenndkq1cUIwzk=}
    engines: {node: '>=22.0.0'}

  '@azure/storage-blob@12.33.0':
    resolution: {integrity: sha1-EK1FhvSSJzG4t5zIa+ytp1Z6H6s=}
    engines: {node: '>=22.0.0'}

  '@azure/storage-common@12.5.0':
    resolution: {integrity: sha1-nbHWmPJu9LVqVKYABGp2XqG7oxY=}
    engines: {node: '>=22.0.0'}

  '@nodable/entities@3.0.0':
    resolution: {integrity: sha1-aUcDvIZNMOrtVcLj3vANvWFJNnA=}

  '@typespec/ts-http-runtime@0.3.8':
    resolution: {integrity: sha1-tN7lpeeXGu3HCVO7fS2/V4P0LTg=}
    engines: {node: '>=22.0.0'}

  agent-base@7.1.4:
    resolution: {integrity: sha1-48121MVI7oldPD/Y3B9sW5Ay56g=}
    engines: {node: '>= 14'}

  anynum@1.0.1:
    resolution: {integrity: sha1-KqwA4I3603JsHUYuYNvC+DFlmkQ=}

  available-typed-arrays@1.0.7:
    resolution: {integrity: sha1-pcw3XWoDwu/IelU/PgsVIt7xSEY=}
    engines: {node: '>= 0.4'}

  base64-js@1.5.1:
    resolution: {integrity: sha1-GxtEAWClv3rUC2UPCVljSBkDkwo=}

  buffer@6.0.3:
    resolution: {integrity: sha1-Ks5XhFnMj74qcKqo9S7mO2p0xsY=}

  call-bind-apply-helpers@1.0.2:
    resolution: {integrity: sha1-S1QowiK+mF15w9gmV0edvgtZstY=}
    engines: {node: '>= 0.4'}

  call-bind@1.0.9:
    resolution: {integrity: sha1-OaZEcAyAvH0MqRAvxtHUOy/X7uc=}
    engines: {node: '>= 0.4'}

  call-bound@1.0.4:
    resolution: {integrity: sha1-I43pNdKippKSjFOMfM+pEGf9Bio=}
    engines: {node: '>= 0.4'}

  debug@4.4.3:
    resolution: {integrity: sha1-xq5DLZvZZiWC/OCHCbA4xY6ePWo=}
    engines: {node: '>=6.0'}
    peerDependencies:
      supports-color: '*'
    peerDependenciesMeta:
      supports-color:
        optional: true

  define-data-property@1.1.4:
    resolution: {integrity: sha1-iU3BQbt9MGCuQ2b2oBB+aPvkjF4=}
    engines: {node: '>= 0.4'}

  dunder-proto@1.0.1:
    resolution: {integrity: sha1-165mfh3INIL4tw/Q9u78UNow9Yo=}
    engines: {node: '>= 0.4'}

  es-define-property@1.0.1:
    resolution: {integrity: sha1-mD6y+aZyTpMD9hrd8BHHLgngsPo=}
    engines: {node: '>= 0.4'}

  es-errors@1.3.0:
    resolution: {integrity: sha1-BfdaJdq5jk+x3NXhRywFRtUFfI8=}
    engines: {node: '>= 0.4'}

  es-object-atoms@1.1.2:
    resolution: {integrity: sha1-otCzcyBXJN+lJdI7DD4bHKWCyZs=}
    engines: {node: '>= 0.4'}

  events@3.3.0:
    resolution: {integrity: sha1-Mala0Kkk4tLEGagTrrLE6HjqdAA=}
    engines: {node: '>=0.8.x'}

  fast-xml-builder@1.3.1:
    resolution: {integrity: sha1-7wWzU7RVl0g9+wnUUKBiorrsOoI=}

  fast-xml-parser@5.11.0:
    resolution: {integrity: sha1-fNnqDjTBVhnBrwx+LY4YPIke6DI=}
    hasBin: true

  for-each@0.3.5:
    resolution: {integrity: sha1-1lBogCeCaSD+6wr3R+57lCGkHUc=}
    engines: {node: '>= 0.4'}

  function-bind@1.1.2:
    resolution: {integrity: sha1-LALYZNl/PqbIgwxGTL0Rq26rehw=}

  generator-function@2.0.1:
    resolution: {integrity: sha1-DnXdQQ0SQ2h6C6LpUblO7bj3N6I=}
    engines: {node: '>= 0.4'}

  get-intrinsic@1.3.0:
    resolution: {integrity: sha1-dD8OO2lkqTpUke0b/6rgVNf5jQE=}
    engines: {node: '>= 0.4'}

  get-proto@1.0.1:
    resolution: {integrity: sha1-FQs/J0OGnvPoUewMSdFbHRTQDuE=}
    engines: {node: '>= 0.4'}

  gopd@1.2.0:
    resolution: {integrity: sha1-ifVrghe9vIgCvSmd9tfxCB1+UaE=}
    engines: {node: '>= 0.4'}

  has-property-descriptors@1.0.2:
    resolution: {integrity: sha1-lj7X0HHce/XwhMW/vg0bYiJYaFQ=}

  has-symbols@1.1.0:
    resolution: {integrity: sha1-/JxqeDoISVHQuXH+EBjegTcHozg=}
    engines: {node: '>= 0.4'}

  has-tostringtag@1.0.2:
    resolution: {integrity: sha1-LNxC1AvvLltO6rfAGnPFTOerWrw=}
    engines: {node: '>= 0.4'}

  hasown@2.0.4:
    resolution: {integrity: sha1-jGLYy5C+sqrV0KW2dYGtmFTD8AM=}
    engines: {node: '>= 0.4'}

  http-proxy-agent@7.0.2:
    resolution: {integrity: sha1-mosfJGhmwChQlIZYX2K48sGMJw4=}
    engines: {node: '>= 14'}

  https-proxy-agent@7.0.6:
    resolution: {integrity: sha1-2o3+rH2hMLBcK6S1nJts1mYRprk=}
    engines: {node: '>= 14'}

  ieee754@1.2.1:
    resolution: {integrity: sha1-jrehCmP/8l0VpXsAFYbRd9Gw01I=}

  inherits@2.0.4:
    resolution: {integrity: sha1-D6LGT5MpF8NDOg3tVTY6rjdBa3w=}

  is-arguments@1.2.0:
    resolution: {integrity: sha1-rVjGrs9WO3jvK/BN9UDaj119jhs=}
    engines: {node: '>= 0.4'}

  is-buffer@2.0.5:
    resolution: {integrity: sha1-68JS5ADSL/jXf6CYiIIaJKZYwZE=}
    engines: {node: '>=4'}

  is-callable@1.2.7:
    resolution: {integrity: sha1-O8KoXqdC2eNiBdys3XLKH9xRsFU=}
    engines: {node: '>= 0.4'}

  is-generator-function@1.1.2:
    resolution: {integrity: sha1-rjth49XqTkg5uQutIrAjNQUaF9U=}
    engines: {node: '>= 0.4'}

  is-regex@1.2.1:
    resolution: {integrity: sha1-dtcKPtEO+b5I61d4h9dCBb8MrSI=}
    engines: {node: '>= 0.4'}

  is-typed-array@1.1.15:
    resolution: {integrity: sha1-S/tKRbYc7oOlpG+6d45OjVnAzgs=}
    engines: {node: '>= 0.4'}

  is-unsafe@2.0.2:
    resolution: {integrity: sha1-ux6tF/GqaI9kMyWLVh6YsaRaGvw=}

  math-intrinsics@1.1.0:
    resolution: {integrity: sha1-oN10voHiqlwvJ+Zc4oNgXuTit/k=}
    engines: {node: '>= 0.4'}

  ms@2.1.3:
    resolution: {integrity: sha1-V0yBOM4dK1hh8LRFedut1gxmFbI=}

  path-expression-matcher@1.6.2:
    resolution: {integrity: sha1-VnxzwHGX6dzvJOkO3NxXEFZZkWg=}
    engines: {node: '>=14.0.0'}

  possible-typed-array-names@1.1.0:
    resolution: {integrity: sha1-k+NYK8DlQmWG2dB7ee5A/IQd5K4=}
    engines: {node: '>= 0.4'}

  process@0.11.10:
    resolution: {integrity: sha1-czIwDoQBYb2j5podHZGn1LwW8YI=}
    engines: {node: '>= 0.6.0'}

  rhea-promise@3.0.3:
    resolution: {integrity: sha1-/GjjkBlELFM4o5mbXj4ogG8/ENI=}

  rhea@3.0.5:
    resolution: {integrity: sha1-kj5/1kysoPd+MXRmd5+v7RHZgcA=}

  safe-regex-test@1.1.0:
    resolution: {integrity: sha1-f4fftnoxUHguqvGFg/9dFxGsEME=}
    engines: {node: '>= 0.4'}

  set-function-length@1.2.2:
    resolution: {integrity: sha1-qscjFBmOrtl1z3eyw7a4gGleVEk=}
    engines: {node: '>= 0.4'}

  strnum@2.4.2:
    resolution: {integrity: sha1-r0OrUaBtBCJwI/wuQsoikhTsEPA=}

  tslib@2.8.1:
    resolution: {integrity: sha1-YS7+TtI11Wfoq6Xypfq3AoCt6D8=}

  typescript@5.9.2:
    resolution: {integrity: sha1-2TRQzd7FFUotXKvjuBArgzFvsqY=}
    engines: {node: '>=14.17'}
    hasBin: true

  util@0.12.5:
    resolution: {integrity: sha1-XxemBZtz22GodWaHgaHCsTa9b7w=}

  which-typed-array@1.1.22:
    resolution: {integrity: sha1-jzzHiu+0C0NzRt1Aodv6XR2kP+k=}
    engines: {node: '>= 0.4'}

  xml-naming@0.3.0:
    resolution: {integrity: sha1-RsHhi/4oWEeZgt0qzPNNFudJ7aI=}
    engines: {node: '>=16.0.0'}

snapshots:

  '@azure/abort-controller@2.2.0':
    dependencies:
      tslib: 2.8.1

  '@azure/core-amqp@4.5.0':
    dependencies:
      '@azure/abort-controller': 2.2.0
      '@azure/core-auth': 1.11.0
      '@azure/core-util': 1.14.0
      '@azure/logger': 1.4.0
      buffer: 6.0.3
      events: 3.3.0
      process: 0.11.10
      rhea: 3.0.5
      rhea-promise: 3.0.3
      tslib: 2.8.1
      util: 0.12.5
    transitivePeerDependencies:
      - supports-color

  '@azure/core-auth@1.11.0':
    dependencies:
      '@azure/abort-controller': 2.2.0
      '@azure/core-util': 1.14.0
      tslib: 2.8.1
    transitivePeerDependencies:
      - supports-color

  '@azure/core-client@1.11.0':
    dependencies:
      '@azure/abort-controller': 2.2.0
      '@azure/core-auth': 1.11.0
      '@azure/core-rest-pipeline': 1.25.0
      '@azure/core-tracing': 1.4.0
      '@azure/core-util': 1.14.0
      '@azure/logger': 1.4.0
      tslib: 2.8.1
    transitivePeerDependencies:
      - supports-color

  '@azure/core-http-compat@2.5.0(@azure/core-client@1.11.0)(@azure/core-rest-pipeline@1.25.0)':
    dependencies:
      '@azure/abort-controller': 2.2.0
      '@azure/core-client': 1.11.0
      '@azure/core-rest-pipeline': 1.25.0

  '@azure/core-lro@2.7.2':
    dependencies:
      '@azure/abort-controller': 2.2.0
      '@azure/core-util': 1.14.0
      '@azure/logger': 1.4.0
      tslib: 2.8.1
    transitivePeerDependencies:
      - supports-color

  '@azure/core-paging@1.7.0':
    dependencies:
      tslib: 2.8.1

  '@azure/core-rest-pipeline@1.25.0':
    dependencies:
      '@azure/abort-controller': 2.2.0
      '@azure/core-auth': 1.11.0
      '@azure/core-tracing': 1.4.0
      '@azure/core-util': 1.14.0
      '@azure/logger': 1.4.0
      '@typespec/ts-http-runtime': 0.3.8
      tslib: 2.8.1
    transitivePeerDependencies:
      - supports-color

  '@azure/core-tracing@1.4.0':
    dependencies:
      tslib: 2.8.1

  '@azure/core-util@1.14.0':
    dependencies:
      '@azure/abort-controller': 2.2.0
      '@typespec/ts-http-runtime': 0.3.8
      tslib: 2.8.1
    transitivePeerDependencies:
      - supports-color

  '@azure/core-xml@1.6.0':
    dependencies:
      fast-xml-parser: 5.11.0
      tslib: 2.8.1

  '@azure/event-hubs@6.0.4':
    dependencies:
      '@azure/abort-controller': 2.2.0
      '@azure/core-amqp': 4.5.0
      '@azure/core-auth': 1.11.0
      '@azure/core-tracing': 1.4.0
      '@azure/core-util': 1.14.0
      '@azure/logger': 1.4.0
      buffer: 6.0.3
      is-buffer: 2.0.5
      process: 0.11.10
      rhea-promise: 3.0.3
      tslib: 2.8.1
      util: 0.12.5
    transitivePeerDependencies:
      - supports-color

  '@azure/eventhubs-checkpointstore-blob@2.0.1':
    dependencies:
      '@azure/abort-controller': 2.2.0
      '@azure/core-paging': 1.7.0
      '@azure/event-hubs': 6.0.4
      '@azure/logger': 1.4.0
      '@azure/storage-blob': 12.33.0
      tslib: 2.8.1
    transitivePeerDependencies:
      - supports-color

  '@azure/logger@1.4.0':
    dependencies:
      '@typespec/ts-http-runtime': 0.3.8
      tslib: 2.8.1
    transitivePeerDependencies:
      - supports-color

  '@azure/storage-blob@12.33.0':
    dependencies:
      '@azure/abort-controller': 2.2.0
      '@azure/core-auth': 1.11.0
      '@azure/core-client': 1.11.0
      '@azure/core-http-compat': 2.5.0(@azure/core-client@1.11.0)(@azure/core-rest-pipeline@1.25.0)
      '@azure/core-lro': 2.7.2
      '@azure/core-paging': 1.7.0
      '@azure/core-rest-pipeline': 1.25.0
      '@azure/core-tracing': 1.4.0
      '@azure/core-util': 1.14.0
      '@azure/core-xml': 1.6.0
      '@azure/logger': 1.4.0
      '@azure/storage-common': 12.5.0(@azure/core-client@1.11.0)
      events: 3.3.0
      tslib: 2.8.1
    transitivePeerDependencies:
      - supports-color

  '@azure/storage-common@12.5.0(@azure/core-client@1.11.0)':
    dependencies:
      '@azure/abort-controller': 2.2.0
      '@azure/core-auth': 1.11.0
      '@azure/core-http-compat': 2.5.0(@azure/core-client@1.11.0)(@azure/core-rest-pipeline@1.25.0)
      '@azure/core-rest-pipeline': 1.25.0
      '@azure/core-tracing': 1.4.0
      '@azure/core-util': 1.14.0
      '@azure/logger': 1.4.0
      events: 3.3.0
      tslib: 2.8.1
    transitivePeerDependencies:
      - '@azure/core-client'
      - supports-color

  '@nodable/entities@3.0.0': {}

  '@typespec/ts-http-runtime@0.3.8':
    dependencies:
      http-proxy-agent: 7.0.2
      https-proxy-agent: 7.0.6
      tslib: 2.8.1
    transitivePeerDependencies:
      - supports-color

  agent-base@7.1.4: {}

  anynum@1.0.1: {}

  available-typed-arrays@1.0.7:
    dependencies:
      possible-typed-array-names: 1.1.0

  base64-js@1.5.1: {}

  buffer@6.0.3:
    dependencies:
      base64-js: 1.5.1
      ieee754: 1.2.1

  call-bind-apply-helpers@1.0.2:
    dependencies:
      es-errors: 1.3.0
      function-bind: 1.1.2

  call-bind@1.0.9:
    dependencies:
      call-bind-apply-helpers: 1.0.2
      es-define-property: 1.0.1
      get-intrinsic: 1.3.0
      set-function-length: 1.2.2

  call-bound@1.0.4:
    dependencies:
      call-bind-apply-helpers: 1.0.2
      get-intrinsic: 1.3.0

  debug@4.4.3:
    dependencies:
      ms: 2.1.3

  define-data-property@1.1.4:
    dependencies:
      es-define-property: 1.0.1
      es-errors: 1.3.0
      gopd: 1.2.0

  dunder-proto@1.0.1:
    dependencies:
      call-bind-apply-helpers: 1.0.2
      es-errors: 1.3.0
      gopd: 1.2.0

  es-define-property@1.0.1: {}

  es-errors@1.3.0: {}

  es-object-atoms@1.1.2:
    dependencies:
      es-errors: 1.3.0

  events@3.3.0: {}

  fast-xml-builder@1.3.1:
    dependencies:
      path-expression-matcher: 1.6.2
      xml-naming: 0.3.0

  fast-xml-parser@5.11.0:
    dependencies:
      '@nodable/entities': 3.0.0
      fast-xml-builder: 1.3.1
      is-unsafe: 2.0.2
      path-expression-matcher: 1.6.2
      strnum: 2.4.2
      xml-naming: 0.3.0

  for-each@0.3.5:
    dependencies:
      is-callable: 1.2.7

  function-bind@1.1.2: {}

  generator-function@2.0.1: {}

  get-intrinsic@1.3.0:
    dependencies:
      call-bind-apply-helpers: 1.0.2
      es-define-property: 1.0.1
      es-errors: 1.3.0
      es-object-atoms: 1.1.2
      function-bind: 1.1.2
      get-proto: 1.0.1
      gopd: 1.2.0
      has-symbols: 1.1.0
      hasown: 2.0.4
      math-intrinsics: 1.1.0

  get-proto@1.0.1:
    dependencies:
      dunder-proto: 1.0.1
      es-object-atoms: 1.1.2

  gopd@1.2.0: {}

  has-property-descriptors@1.0.2:
    dependencies:
      es-define-property: 1.0.1

  has-symbols@1.1.0: {}

  has-tostringtag@1.0.2:
    dependencies:
      has-symbols: 1.1.0

  hasown@2.0.4:
    dependencies:
      function-bind: 1.1.2

  http-proxy-agent@7.0.2:
    dependencies:
      agent-base: 7.1.4
      debug: 4.4.3
    transitivePeerDependencies:
      - supports-color

  https-proxy-agent@7.0.6:
    dependencies:
      agent-base: 7.1.4
      debug: 4.4.3
    transitivePeerDependencies:
      - supports-color

  ieee754@1.2.1: {}

  inherits@2.0.4: {}

  is-arguments@1.2.0:
    dependencies:
      call-bound: 1.0.4
      has-tostringtag: 1.0.2

  is-buffer@2.0.5: {}

  is-callable@1.2.7: {}

  is-generator-function@1.1.2:
    dependencies:
      call-bound: 1.0.4
      generator-function: 2.0.1
      get-proto: 1.0.1
      has-tostringtag: 1.0.2
      safe-regex-test: 1.1.0

  is-regex@1.2.1:
    dependencies:
      call-bound: 1.0.4
      gopd: 1.2.0
      has-tostringtag: 1.0.2
      hasown: 2.0.4

  is-typed-array@1.1.15:
    dependencies:
      which-typed-array: 1.1.22

  is-unsafe@2.0.2: {}

  math-intrinsics@1.1.0: {}

  ms@2.1.3: {}

  path-expression-matcher@1.6.2: {}

  possible-typed-array-names@1.1.0: {}

  process@0.11.10: {}

  rhea-promise@3.0.3:
    dependencies:
      debug: 4.4.3
      rhea: 3.0.5
      tslib: 2.8.1
    transitivePeerDependencies:
      - supports-color

  rhea@3.0.5:
    dependencies:
      debug: 4.4.3
    transitivePeerDependencies:
      - supports-color

  safe-regex-test@1.1.0:
    dependencies:
      call-bound: 1.0.4
      es-errors: 1.3.0
      is-regex: 1.2.1

  set-function-length@1.2.2:
    dependencies:
      define-data-property: 1.1.4
      es-errors: 1.3.0
      function-bind: 1.1.2
      get-intrinsic: 1.3.0
      gopd: 1.2.0
      has-property-descriptors: 1.0.2

  strnum@2.4.2:
    dependencies:
      anynum: 1.0.1

  tslib@2.8.1: {}

  typescript@5.9.2: {}

  util@0.12.5:
    dependencies:
      inherits: 2.0.4
      is-arguments: 1.2.0
      is-generator-function: 1.1.2
      is-typed-array: 1.1.15
      which-typed-array: 1.1.22

  which-typed-array@1.1.22:
    dependencies:
      available-typed-arrays: 1.0.7
      call-bind: 1.0.9
      call-bound: 1.0.4
      for-each: 0.3.5
      get-proto: 1.0.1
      gopd: 1.2.0
      has-tostringtag: 1.0.2

  xml-naming@0.3.0: {}
