lockfileVersion: '9.0'

settings:
  autoInstallPeers: true
  excludeLinksFromLockfile: false

importers:

  .:
    dependencies:
      '@azure/cosmos':
        specifier: 4.10.0
        version: 4.10.0
    devDependencies:
      typescript:
        specifier: 5.9.2
        version: 5.9.2

packages:

  '@azure-rest/core-client@2.8.0':
    resolution: {integrity: sha1-MOc2wPYXEVtz4VSyKbruvMCQNRo=}
    engines: {node: '>=22.0.0'}

  '@azure/abort-controller@2.2.0':
    resolution: {integrity: sha1-k+DoKwGGLn6jtbaZWHGdPz/SyKw=}
    engines: {node: '>=22.0.0'}

  '@azure/core-auth@1.11.0':
    resolution: {integrity: sha1-Ha7/32LRqHHSK4ZfnzFkpj6h9XU=}
    engines: {node: '>=22.0.0'}

  '@azure/core-lro@2.7.2':
    resolution: {integrity: sha1-eHEFAnog5Fx3ZRqYsBpNOwG3Wgg=}
    engines: {node: '>=18.0.0'}

  '@azure/core-paging@1.7.0':
    resolution: {integrity: sha1-WVl6L1Q4ujxsh4n8hw9p4OeFMag=}
    engines: {node: '>=22.0.0'}

  '@azure/core-rest-pipeline@1.25.0':
    resolution: {integrity: sha1-kupJEu27H3OV9IKaMAYxF0qoLwg=}
    engines: {node: '>=22.0.0'}

  '@azure/core-tracing@1.4.0':
    resolution: {integrity: sha1-1lenAOJNJW0ZXmKKeV22qMxHXqs=}
    engines: {node: '>=22.0.0'}

  '@azure/core-util@1.14.0':
    resolution: {integrity: sha1-fOn+V5WPEy3UIlc4VuWkXHIyuwQ=}
    engines: {node: '>=22.0.0'}

  '@azure/cosmos@4.10.0':
    resolution: {integrity: sha1-uLZsj8U1r44xhqFoiMC0kRptkH4=}
    engines: {node: '>=22.0.0'}

  '@azure/keyvault-common@2.1.0':
    resolution: {integrity: sha1-Zw50FKK/aDcbCz0fmByboCeLd90=}
    engines: {node: '>=20.0.0'}

  '@azure/keyvault-keys@4.10.2':
    resolution: {integrity: sha1-RonuPX645uaBvtDtHwVJ1uwyq2E=}
    engines: {node: '>=20.0.0'}

  '@azure/logger@1.4.0':
    resolution: {integrity: sha1-PVpif+WaJ27OdIenndkq1cUIwzk=}
    engines: {node: '>=22.0.0'}

  '@typespec/ts-http-runtime@0.3.8':
    resolution: {integrity: sha1-tN7lpeeXGu3HCVO7fS2/V4P0LTg=}
    engines: {node: '>=22.0.0'}

  agent-base@7.1.4:
    resolution: {integrity: sha1-48121MVI7oldPD/Y3B9sW5Ay56g=}
    engines: {node: '>= 14'}

  debug@4.4.3:
    resolution: {integrity: sha1-xq5DLZvZZiWC/OCHCbA4xY6ePWo=}
    engines: {node: '>=6.0'}
    peerDependencies:
      supports-color: '*'
    peerDependenciesMeta:
      supports-color:
        optional: true

  fast-json-stable-stringify@2.1.0:
    resolution: {integrity: sha1-h0v2nG9ATCtdmcSBNBOZ/VWJJjM=}

  http-proxy-agent@7.0.2:
    resolution: {integrity: sha1-mosfJGhmwChQlIZYX2K48sGMJw4=}
    engines: {node: '>= 14'}

  https-proxy-agent@7.0.6:
    resolution: {integrity: sha1-2o3+rH2hMLBcK6S1nJts1mYRprk=}
    engines: {node: '>= 14'}

  ms@2.1.3:
    resolution: {integrity: sha1-V0yBOM4dK1hh8LRFedut1gxmFbI=}

  priorityqueuejs@2.0.0:
    resolution: {integrity: sha1-lgZAQO3YR+6d0wE9jhYpc5mmvU8=}

  semaphore@1.1.0:
    resolution: {integrity: sha1-qq2LhrIP6OmzKxbcLuaCqM0mqKo=}
    engines: {node: '>=0.8.0'}

  tslib@2.8.1:
    resolution: {integrity: sha1-YS7+TtI11Wfoq6Xypfq3AoCt6D8=}

  typescript@5.9.2:
    resolution: {integrity: sha1-2TRQzd7FFUotXKvjuBArgzFvsqY=}
    engines: {node: '>=14.17'}
    hasBin: true

snapshots:

  '@azure-rest/core-client@2.8.0':
    dependencies:
      '@azure/abort-controller': 2.2.0
      '@azure/core-auth': 1.11.0
      '@azure/core-rest-pipeline': 1.25.0
      '@azure/core-tracing': 1.4.0
      '@typespec/ts-http-runtime': 0.3.8
      tslib: 2.8.1
    transitivePeerDependencies:
      - supports-color

  '@azure/abort-controller@2.2.0':
    dependencies:
      tslib: 2.8.1

  '@azure/core-auth@1.11.0':
    dependencies:
      '@azure/abort-controller': 2.2.0
      '@azure/core-util': 1.14.0
      tslib: 2.8.1
    transitivePeerDependencies:
      - supports-color

  '@azure/core-lro@2.7.2':
    dependencies:
      '@azure/abort-controller': 2.2.0
      '@azure/core-util': 1.14.0
      '@azure/logger': 1.4.0
      tslib: 2.8.1
    transitivePeerDependencies:
      - supports-color

  '@azure/core-paging@1.7.0':
    dependencies:
      tslib: 2.8.1

  '@azure/core-rest-pipeline@1.25.0':
    dependencies:
      '@azure/abort-controller': 2.2.0
      '@azure/core-auth': 1.11.0
      '@azure/core-tracing': 1.4.0
      '@azure/core-util': 1.14.0
      '@azure/logger': 1.4.0
      '@typespec/ts-http-runtime': 0.3.8
      tslib: 2.8.1
    transitivePeerDependencies:
      - supports-color

  '@azure/core-tracing@1.4.0':
    dependencies:
      tslib: 2.8.1

  '@azure/core-util@1.14.0':
    dependencies:
      '@azure/abort-controller': 2.2.0
      '@typespec/ts-http-runtime': 0.3.8
      tslib: 2.8.1
    transitivePeerDependencies:
      - supports-color

  '@azure/cosmos@4.10.0':
    dependencies:
      '@azure/abort-controller': 2.2.0
      '@azure/core-auth': 1.11.0
      '@azure/core-rest-pipeline': 1.25.0
      '@azure/core-tracing': 1.4.0
      '@azure/core-util': 1.14.0
      '@azure/keyvault-keys': 4.10.2
      '@azure/logger': 1.4.0
      fast-json-stable-stringify: 2.1.0
      priorityqueuejs: 2.0.0
      semaphore: 1.1.0
      tslib: 2.8.1
    transitivePeerDependencies:
      - supports-color

  '@azure/keyvault-common@2.1.0':
    dependencies:
      '@azure-rest/core-client': 2.8.0
      '@azure/abort-controller': 2.2.0
      '@azure/core-auth': 1.11.0
      '@azure/core-rest-pipeline': 1.25.0
      '@azure/core-tracing': 1.4.0
      '@azure/core-util': 1.14.0
      '@azure/logger': 1.4.0
      tslib: 2.8.1
    transitivePeerDependencies:
      - supports-color

  '@azure/keyvault-keys@4.10.2':
    dependencies:
      '@azure-rest/core-client': 2.8.0
      '@azure/abort-controller': 2.2.0
      '@azure/core-auth': 1.11.0
      '@azure/core-lro': 2.7.2
      '@azure/core-paging': 1.7.0
      '@azure/core-rest-pipeline': 1.25.0
      '@azure/core-tracing': 1.4.0
      '@azure/core-util': 1.14.0
      '@azure/keyvault-common': 2.1.0
      '@azure/logger': 1.4.0
      tslib: 2.8.1
    transitivePeerDependencies:
      - supports-color

  '@azure/logger@1.4.0':
    dependencies:
      '@typespec/ts-http-runtime': 0.3.8
      tslib: 2.8.1
    transitivePeerDependencies:
      - supports-color

  '@typespec/ts-http-runtime@0.3.8':
    dependencies:
      http-proxy-agent: 7.0.2
      https-proxy-agent: 7.0.6
      tslib: 2.8.1
    transitivePeerDependencies:
      - supports-color

  agent-base@7.1.4: {}

  debug@4.4.3:
    dependencies:
      ms: 2.1.3

  fast-json-stable-stringify@2.1.0: {}

  http-proxy-agent@7.0.2:
    dependencies:
      agent-base: 7.1.4
      debug: 4.4.3
    transitivePeerDependencies:
      - supports-color

  https-proxy-agent@7.0.6:
    dependencies:
      agent-base: 7.1.4
      debug: 4.4.3
    transitivePeerDependencies:
      - supports-color

  ms@2.1.3: {}

  priorityqueuejs@2.0.0: {}

  semaphore@1.1.0: {}

  tslib@2.8.1: {}

  typescript@5.9.2: {}
